// !$*UTF8*$!
{
	archiveVersion = 1;
	classes = {
	};
	objectVersion = 46;
	objects = {

/* Begin PBXBuildFile section */
		12059DCA1A34FDA2007F5E7C /* NTHColors.swift in Sources */ = {isa = PBXBuildFile; fileRef = 12059DC91A34FDA2007F5E7C /* NTHColors.swift */; };
		12059DCD1A34FF5C007F5E7C /* NTHFonts.swift in Sources */ = {isa = PBXBuildFile; fileRef = 12059DCC1A34FF5C007F5E7C /* NTHFonts.swift */; };
		12059DCF1A350153007F5E7C /* NTHInboxCell.xib in Resources */ = {isa = PBXBuildFile; fileRef = 12059DCE1A350153007F5E7C /* NTHInboxCell.xib */; };
		12059DD11A350476007F5E7C /* NTHInboxCell.swift in Sources */ = {isa = PBXBuildFile; fileRef = 12059DD01A350476007F5E7C /* NTHInboxCell.swift */; };
		12059DD51A36273D007F5E7C /* NTHTaskStatusView.swift in Sources */ = {isa = PBXBuildFile; fileRef = 12059DD41A36273D007F5E7C /* NTHTaskStatusView.swift */; };
		123B6E2219FF86C4008E22DB /* HashtagDetector.swift in Sources */ = {isa = PBXBuildFile; fileRef = 123B6E2119FF86C4008E22DB /* HashtagDetector.swift */; };
		123B6E2419FF909F008E22DB /* UILabel_Extension.swift in Sources */ = {isa = PBXBuildFile; fileRef = 123B6E2319FF909F008E22DB /* UILabel_Extension.swift */; };
		123F11C51A2653FF00B0FC08 /* UIBarButtonItem_Extension.swift in Sources */ = {isa = PBXBuildFile; fileRef = 123F11C41A2653FF00B0FC08 /* UIBarButtonItem_Extension.swift */; };
		124ADC991A19467600750816 /* DetailViewController.swift in Sources */ = {isa = PBXBuildFile; fileRef = 124ADC981A19467600750816 /* DetailViewController.swift */; };
		124ADC9B1A19493C00750816 /* DetailModelView.swift in Sources */ = {isa = PBXBuildFile; fileRef = 124ADC9A1A19493C00750816 /* DetailModelView.swift */; };
		125593EC19FEE10A001EC477 /* UIColor_Extension.swift in Sources */ = {isa = PBXBuildFile; fileRef = 125593EB19FEE10A001EC477 /* UIColor_Extension.swift */; };
		1279B5DA19FED4E700A7828C /* AppDelegate.swift in Sources */ = {isa = PBXBuildFile; fileRef = 1279B5D919FED4E700A7828C /* AppDelegate.swift */; };
		1279B5DC19FED4E700A7828C /* InboxViewController.swift in Sources */ = {isa = PBXBuildFile; fileRef = 1279B5DB19FED4E700A7828C /* InboxViewController.swift */; };
		1279B5DF19FED4E700A7828C /* Main.storyboard in Resources */ = {isa = PBXBuildFile; fileRef = 1279B5DD19FED4E700A7828C /* Main.storyboard */; };
		1279B5E119FED4E700A7828C /* Images.xcassets in Resources */ = {isa = PBXBuildFile; fileRef = 1279B5E019FED4E700A7828C /* Images.xcassets */; };
		1279B5E419FED4E700A7828C /* LaunchScreen.xib in Resources */ = {isa = PBXBuildFile; fileRef = 1279B5E219FED4E700A7828C /* LaunchScreen.xib */; };
		1279B5F019FED4E800A7828C /* NothingTests.swift in Sources */ = {isa = PBXBuildFile; fileRef = 1279B5EF19FED4E800A7828C /* NothingTests.swift */; };
		1279B60819FED64D00A7828C /* CDHelper.swift in Sources */ = {isa = PBXBuildFile; fileRef = 1279B5FB19FED64D00A7828C /* CDHelper.swift */; };
		1279B60919FED64D00A7828C /* CDStore.swift in Sources */ = {isa = PBXBuildFile; fileRef = 1279B5FC19FED64D00A7828C /* CDStore.swift */; };
		1279B60A19FED64D00A7828C /* NSManagedObject_Extension.swift in Sources */ = {isa = PBXBuildFile; fileRef = 1279B5FD19FED64D00A7828C /* NSManagedObject_Extension.swift */; };
		1279B60B19FED64D00A7828C /* Connection.swift in Sources */ = {isa = PBXBuildFile; fileRef = 1279B5FF19FED64D00A7828C /* Connection.swift */; };
		1279B60C19FED64D00A7828C /* Contact.swift in Sources */ = {isa = PBXBuildFile; fileRef = 1279B60019FED64D00A7828C /* Contact.swift */; };
		1279B60D19FED64D00A7828C /* Nothing.xcdatamodeld in Sources */ = {isa = PBXBuildFile; fileRef = 1279B60119FED64D00A7828C /* Nothing.xcdatamodeld */; };
		1279B60E19FED64D00A7828C /* DateReminderInfo.swift in Sources */ = {isa = PBXBuildFile; fileRef = 1279B60319FED64D00A7828C /* DateReminderInfo.swift */; };
		1279B60F19FED64D00A7828C /* LocationReminderInfo.swift in Sources */ = {isa = PBXBuildFile; fileRef = 1279B60419FED64D00A7828C /* LocationReminderInfo.swift */; };
		1279B61019FED64D00A7828C /* Place.swift in Sources */ = {isa = PBXBuildFile; fileRef = 1279B60519FED64D00A7828C /* Place.swift */; };
		1279B61119FED64D00A7828C /* Task.swift in Sources */ = {isa = PBXBuildFile; fileRef = 1279B60619FED64D00A7828C /* Task.swift */; };
		1279B61219FED64D00A7828C /* FileManager.swift in Sources */ = {isa = PBXBuildFile; fileRef = 1279B60719FED64D00A7828C /* FileManager.swift */; };
		1279B61519FEDBD200A7828C /* FileCache.swift in Sources */ = {isa = PBXBuildFile; fileRef = 1279B61419FEDBD200A7828C /* FileCache.swift */; };
		128B298A1A1EA842005C93DF /* SeparatorCell.xib in Resources */ = {isa = PBXBuildFile; fileRef = 128B29891A1EA842005C93DF /* SeparatorCell.xib */; };
		128B298C1A1EA862005C93DF /* SeparatorCell.swift in Sources */ = {isa = PBXBuildFile; fileRef = 128B298B1A1EA862005C93DF /* SeparatorCell.swift */; };
		129A555A1A1E69F100ED249D /* TextViewCell.xib in Resources */ = {isa = PBXBuildFile; fileRef = 129A55591A1E69F100ED249D /* TextViewCell.xib */; };
		129A555C1A1E6A0800ED249D /* TextViewCell.swift in Sources */ = {isa = PBXBuildFile; fileRef = 129A555B1A1E6A0800ED249D /* TextViewCell.swift */; };
		129A555E1A1E825500ED249D /* MapCell.swift in Sources */ = {isa = PBXBuildFile; fileRef = 129A555D1A1E825500ED249D /* MapCell.swift */; };
		129A55601A1E826A00ED249D /* MapCell.xib in Resources */ = {isa = PBXBuildFile; fileRef = 129A555F1A1E826A00ED249D /* MapCell.xib */; };
		12B6EF1D1A40B5E1006E8A10 /* NTHTaskDisplayable.swift in Sources */ = {isa = PBXBuildFile; fileRef = 12B6EF1C1A40B5E1006E8A10 /* NTHTaskDisplayable.swift */; };
		12BEB0F41A06DC9300643860 /* ModelController.swift in Sources */ = {isa = PBXBuildFile; fileRef = 12BEB0F31A06DC9300643860 /* ModelController.swift */; };
		12CC22271A12207300DF8EE0 /* InboxCellViewModel.swift in Sources */ = {isa = PBXBuildFile; fileRef = 12CC22261A12207300DF8EE0 /* InboxCellViewModel.swift */; };
		12CC222B1A122FC700DF8EE0 /* NSDateFormatter_Extension.swift in Sources */ = {isa = PBXBuildFile; fileRef = 12CC222A1A122FC700DF8EE0 /* NSDateFormatter_Extension.swift */; };
		12CEF17F1A083832004DE156 /* UIView_Extension.swift in Sources */ = {isa = PBXBuildFile; fileRef = 12CEF17E1A083832004DE156 /* UIView_Extension.swift */; };
		12E2159A1A03A9840038AD45 /* ThumbnailCache.swift in Sources */ = {isa = PBXBuildFile; fileRef = 12E215991A03A9840038AD45 /* ThumbnailCache.swift */; };
		12ED791C1A3F42E80052893D /* NTHCellView.swift in Sources */ = {isa = PBXBuildFile; fileRef = 12ED791B1A3F42E80052893D /* NTHCellView.swift */; };
		12ED791E1A3F42FE0052893D /* NTHCellView.xib in Resources */ = {isa = PBXBuildFile; fileRef = 12ED791D1A3F42FE0052893D /* NTHCellView.xib */; };
		12ED79221A3F59E10052893D /* NTHTaskDetailViewController.swift in Sources */ = {isa = PBXBuildFile; fileRef = 12ED79211A3F59E10052893D /* NTHTaskDetailViewController.swift */; };
		12EDE7871A1FBD1E0020D549 /* CreateEditViewController.swift in Sources */ = {isa = PBXBuildFile; fileRef = 12EDE7861A1FBD1E0020D549 /* CreateEditViewController.swift */; };
		12EDE7891A1FBDC20020D549 /* NTHTableViewController.swift in Sources */ = {isa = PBXBuildFile; fileRef = 12EDE7881A1FBDC20020D549 /* NTHTableViewController.swift */; };
		12EDE78D1A1FC6770020D549 /* TextEditorViewController.swift in Sources */ = {isa = PBXBuildFile; fileRef = 12EDE78C1A1FC6770020D549 /* TextEditorViewController.swift */; };
		12FE325F1A10D75F00FAB243 /* QuickInsertView.swift in Sources */ = {isa = PBXBuildFile; fileRef = 12FE325E1A10D75F00FAB243 /* QuickInsertView.swift */; };
		12FE32611A10D76900FAB243 /* QuickInsertView.xib in Resources */ = {isa = PBXBuildFile; fileRef = 12FE32601A10D76900FAB243 /* QuickInsertView.xib */; };
/* End PBXBuildFile section */

/* Begin PBXContainerItemProxy section */
		1279B5EA19FED4E700A7828C /* PBXContainerItemProxy */ = {
			isa = PBXContainerItemProxy;
			containerPortal = 1279B5CC19FED4E700A7828C /* Project object */;
			proxyType = 1;
			remoteGlobalIDString = 1279B5D319FED4E700A7828C;
			remoteInfo = Nothing;
		};
/* End PBXContainerItemProxy section */

/* Begin PBXFileReference section */
		12059DC91A34FDA2007F5E7C /* NTHColors.swift */ = {isa = PBXFileReference; fileEncoding = 4; lastKnownFileType = sourcecode.swift; path = NTHColors.swift; sourceTree = "<group>"; };
		12059DCC1A34FF5C007F5E7C /* NTHFonts.swift */ = {isa = PBXFileReference; fileEncoding = 4; lastKnownFileType = sourcecode.swift; path = NTHFonts.swift; sourceTree = "<group>"; };
		12059DCE1A350153007F5E7C /* NTHInboxCell.xib */ = {isa = PBXFileReference; fileEncoding = 4; lastKnownFileType = file.xib; name = NTHInboxCell.xib; path = Nothing/NTHInboxCell.xib; sourceTree = "<group>"; };
		12059DD01A350476007F5E7C /* NTHInboxCell.swift */ = {isa = PBXFileReference; fileEncoding = 4; lastKnownFileType = sourcecode.swift; path = NTHInboxCell.swift; sourceTree = "<group>"; };
		12059DD41A36273D007F5E7C /* NTHTaskStatusView.swift */ = {isa = PBXFileReference; fileEncoding = 4; lastKnownFileType = sourcecode.swift; path = NTHTaskStatusView.swift; sourceTree = "<group>"; };
		123B6E2119FF86C4008E22DB /* HashtagDetector.swift */ = {isa = PBXFileReference; fileEncoding = 4; lastKnownFileType = sourcecode.swift; path = HashtagDetector.swift; sourceTree = "<group>"; };
		123B6E2319FF909F008E22DB /* UILabel_Extension.swift */ = {isa = PBXFileReference; fileEncoding = 4; lastKnownFileType = sourcecode.swift; path = UILabel_Extension.swift; sourceTree = "<group>"; };
		123F11C41A2653FF00B0FC08 /* UIBarButtonItem_Extension.swift */ = {isa = PBXFileReference; fileEncoding = 4; lastKnownFileType = sourcecode.swift; path = UIBarButtonItem_Extension.swift; sourceTree = "<group>"; };
		124ADC981A19467600750816 /* DetailViewController.swift */ = {isa = PBXFileReference; fileEncoding = 4; lastKnownFileType = sourcecode.swift; path = DetailViewController.swift; sourceTree = "<group>"; };
		124ADC9A1A19493C00750816 /* DetailModelView.swift */ = {isa = PBXFileReference; fileEncoding = 4; lastKnownFileType = sourcecode.swift; path = DetailModelView.swift; sourceTree = "<group>"; };
		125593EB19FEE10A001EC477 /* UIColor_Extension.swift */ = {isa = PBXFileReference; fileEncoding = 4; lastKnownFileType = sourcecode.swift; path = UIColor_Extension.swift; sourceTree = "<group>"; };
		1279B5D419FED4E700A7828C /* Nothing.app */ = {isa = PBXFileReference; explicitFileType = wrapper.application; includeInIndex = 0; path = Nothing.app; sourceTree = BUILT_PRODUCTS_DIR; };
		1279B5D819FED4E700A7828C /* Info.plist */ = {isa = PBXFileReference; lastKnownFileType = text.plist.xml; path = Info.plist; sourceTree = "<group>"; };
		1279B5D919FED4E700A7828C /* AppDelegate.swift */ = {isa = PBXFileReference; lastKnownFileType = sourcecode.swift; path = AppDelegate.swift; sourceTree = "<group>"; };
		1279B5DB19FED4E700A7828C /* InboxViewController.swift */ = {isa = PBXFileReference; lastKnownFileType = sourcecode.swift; name = InboxViewController.swift; path = Nothing/InboxViewController.swift; sourceTree = "<group>"; };
		1279B5DE19FED4E700A7828C /* Base */ = {isa = PBXFileReference; lastKnownFileType = file.storyboard; name = Base; path = Base.lproj/Main.storyboard; sourceTree = "<group>"; };
		1279B5E019FED4E700A7828C /* Images.xcassets */ = {isa = PBXFileReference; lastKnownFileType = folder.assetcatalog; path = Images.xcassets; sourceTree = "<group>"; };
		1279B5E319FED4E700A7828C /* Base */ = {isa = PBXFileReference; lastKnownFileType = file.xib; name = Base; path = Base.lproj/LaunchScreen.xib; sourceTree = "<group>"; };
		1279B5E919FED4E700A7828C /* NothingTests.xctest */ = {isa = PBXFileReference; explicitFileType = wrapper.cfbundle; includeInIndex = 0; path = NothingTests.xctest; sourceTree = BUILT_PRODUCTS_DIR; };
		1279B5EE19FED4E800A7828C /* Info.plist */ = {isa = PBXFileReference; lastKnownFileType = text.plist.xml; path = Info.plist; sourceTree = "<group>"; };
		1279B5EF19FED4E800A7828C /* NothingTests.swift */ = {isa = PBXFileReference; lastKnownFileType = sourcecode.swift; path = NothingTests.swift; sourceTree = "<group>"; };
		1279B5FB19FED64D00A7828C /* CDHelper.swift */ = {isa = PBXFileReference; fileEncoding = 4; lastKnownFileType = sourcecode.swift; path = CDHelper.swift; sourceTree = "<group>"; };
		1279B5FC19FED64D00A7828C /* CDStore.swift */ = {isa = PBXFileReference; fileEncoding = 4; lastKnownFileType = sourcecode.swift; path = CDStore.swift; sourceTree = "<group>"; };
		1279B5FD19FED64D00A7828C /* NSManagedObject_Extension.swift */ = {isa = PBXFileReference; fileEncoding = 4; lastKnownFileType = sourcecode.swift; name = NSManagedObject_Extension.swift; path = "Core Data/Core/NSManagedObject_Extension.swift"; sourceTree = "<group>"; };
		1279B5FF19FED64D00A7828C /* Connection.swift */ = {isa = PBXFileReference; fileEncoding = 4; lastKnownFileType = sourcecode.swift; path = Connection.swift; sourceTree = "<group>"; };
		1279B60019FED64D00A7828C /* Contact.swift */ = {isa = PBXFileReference; fileEncoding = 4; lastKnownFileType = sourcecode.swift; path = Contact.swift; sourceTree = "<group>"; };
		1279B60219FED64D00A7828C /* Nothing.xcdatamodel */ = {isa = PBXFileReference; lastKnownFileType = wrapper.xcdatamodel; path = Nothing.xcdatamodel; sourceTree = "<group>"; };
		1279B60319FED64D00A7828C /* DateReminderInfo.swift */ = {isa = PBXFileReference; fileEncoding = 4; lastKnownFileType = sourcecode.swift; path = DateReminderInfo.swift; sourceTree = "<group>"; };
		1279B60419FED64D00A7828C /* LocationReminderInfo.swift */ = {isa = PBXFileReference; fileEncoding = 4; lastKnownFileType = sourcecode.swift; path = LocationReminderInfo.swift; sourceTree = "<group>"; };
		1279B60519FED64D00A7828C /* Place.swift */ = {isa = PBXFileReference; fileEncoding = 4; lastKnownFileType = sourcecode.swift; path = Place.swift; sourceTree = "<group>"; };
		1279B60619FED64D00A7828C /* Task.swift */ = {isa = PBXFileReference; fileEncoding = 4; lastKnownFileType = sourcecode.swift; path = Task.swift; sourceTree = "<group>"; };
		1279B60719FED64D00A7828C /* FileManager.swift */ = {isa = PBXFileReference; fileEncoding = 4; lastKnownFileType = sourcecode.swift; path = FileManager.swift; sourceTree = "<group>"; };
		1279B61419FEDBD200A7828C /* FileCache.swift */ = {isa = PBXFileReference; fileEncoding = 4; lastKnownFileType = sourcecode.swift; path = FileCache.swift; sourceTree = "<group>"; };
		128B29891A1EA842005C93DF /* SeparatorCell.xib */ = {isa = PBXFileReference; fileEncoding = 4; lastKnownFileType = file.xib; path = SeparatorCell.xib; sourceTree = "<group>"; };
		128B298B1A1EA862005C93DF /* SeparatorCell.swift */ = {isa = PBXFileReference; fileEncoding = 4; lastKnownFileType = sourcecode.swift; path = SeparatorCell.swift; sourceTree = "<group>"; };
		129A55591A1E69F100ED249D /* TextViewCell.xib */ = {isa = PBXFileReference; fileEncoding = 4; lastKnownFileType = file.xib; path = TextViewCell.xib; sourceTree = "<group>"; };
		129A555B1A1E6A0800ED249D /* TextViewCell.swift */ = {isa = PBXFileReference; fileEncoding = 4; lastKnownFileType = sourcecode.swift; path = TextViewCell.swift; sourceTree = "<group>"; };
		129A555D1A1E825500ED249D /* MapCell.swift */ = {isa = PBXFileReference; fileEncoding = 4; lastKnownFileType = sourcecode.swift; path = MapCell.swift; sourceTree = "<group>"; };
		129A555F1A1E826A00ED249D /* MapCell.xib */ = {isa = PBXFileReference; fileEncoding = 4; lastKnownFileType = file.xib; path = MapCell.xib; sourceTree = "<group>"; };
		12B6EF1C1A40B5E1006E8A10 /* NTHTaskDisplayable.swift */ = {isa = PBXFileReference; fileEncoding = 4; lastKnownFileType = sourcecode.swift; path = NTHTaskDisplayable.swift; sourceTree = "<group>"; };
		12BEB0F31A06DC9300643860 /* ModelController.swift */ = {isa = PBXFileReference; fileEncoding = 4; lastKnownFileType = sourcecode.swift; path = ModelController.swift; sourceTree = "<group>"; };
		12CC22261A12207300DF8EE0 /* InboxCellViewModel.swift */ = {isa = PBXFileReference; fileEncoding = 4; lastKnownFileType = sourcecode.swift; path = InboxCellViewModel.swift; sourceTree = "<group>"; };
		12CC222A1A122FC700DF8EE0 /* NSDateFormatter_Extension.swift */ = {isa = PBXFileReference; fileEncoding = 4; lastKnownFileType = sourcecode.swift; path = NSDateFormatter_Extension.swift; sourceTree = "<group>"; };
		12CEF17E1A083832004DE156 /* UIView_Extension.swift */ = {isa = PBXFileReference; fileEncoding = 4; lastKnownFileType = sourcecode.swift; path = UIView_Extension.swift; sourceTree = "<group>"; };
		12E215991A03A9840038AD45 /* ThumbnailCache.swift */ = {isa = PBXFileReference; fileEncoding = 4; lastKnownFileType = sourcecode.swift; path = ThumbnailCache.swift; sourceTree = "<group>"; };
		12ED791B1A3F42E80052893D /* NTHCellView.swift */ = {isa = PBXFileReference; fileEncoding = 4; lastKnownFileType = sourcecode.swift; path = NTHCellView.swift; sourceTree = "<group>"; };
		12ED791D1A3F42FE0052893D /* NTHCellView.xib */ = {isa = PBXFileReference; fileEncoding = 4; lastKnownFileType = file.xib; path = NTHCellView.xib; sourceTree = "<group>"; };
		12ED79211A3F59E10052893D /* NTHTaskDetailViewController.swift */ = {isa = PBXFileReference; fileEncoding = 4; lastKnownFileType = sourcecode.swift; path = NTHTaskDetailViewController.swift; sourceTree = "<group>"; };
		12EDE7861A1FBD1E0020D549 /* CreateEditViewController.swift */ = {isa = PBXFileReference; fileEncoding = 4; lastKnownFileType = sourcecode.swift; path = CreateEditViewController.swift; sourceTree = "<group>"; };
		12EDE7881A1FBDC20020D549 /* NTHTableViewController.swift */ = {isa = PBXFileReference; fileEncoding = 4; lastKnownFileType = sourcecode.swift; path = NTHTableViewController.swift; sourceTree = "<group>"; };
		12EDE78C1A1FC6770020D549 /* TextEditorViewController.swift */ = {isa = PBXFileReference; fileEncoding = 4; lastKnownFileType = sourcecode.swift; path = TextEditorViewController.swift; sourceTree = "<group>"; };
		12FE325E1A10D75F00FAB243 /* QuickInsertView.swift */ = {isa = PBXFileReference; fileEncoding = 4; lastKnownFileType = sourcecode.swift; name = QuickInsertView.swift; path = Nothing/QuickInsertView.swift; sourceTree = "<group>"; };
		12FE32601A10D76900FAB243 /* QuickInsertView.xib */ = {isa = PBXFileReference; fileEncoding = 4; lastKnownFileType = file.xib; name = QuickInsertView.xib; path = Nothing/QuickInsertView.xib; sourceTree = "<group>"; };
/* End PBXFileReference section */

/* Begin PBXFrameworksBuildPhase section */
		1279B5D119FED4E700A7828C /* Frameworks */ = {
			isa = PBXFrameworksBuildPhase;
			buildActionMask = 2147483647;
			files = (
			);
			runOnlyForDeploymentPostprocessing = 0;
		};
		1279B5E619FED4E700A7828C /* Frameworks */ = {
			isa = PBXFrameworksBuildPhase;
			buildActionMask = 2147483647;
			files = (
			);
			runOnlyForDeploymentPostprocessing = 0;
		};
/* End PBXFrameworksBuildPhase section */

/* Begin PBXGroup section */
		12059DCB1A34FDAC007F5E7C /* Nothing2 */ = {
			isa = PBXGroup;
			children = (
				12059DC91A34FDA2007F5E7C /* NTHColors.swift */,
				12059DCC1A34FF5C007F5E7C /* NTHFonts.swift */,
				127400371A365A13004D96D3 /* Inbox */,
				12ED79201A3F59C80052893D /* Task Detail */,
				127400361A36593F004D96D3 /* QuickInsertView */,
				12ED791F1A3F43020052893D /* CellView */,
				1279B5DD19FED4E700A7828C /* Main.storyboard */,
			);
			name = Nothing2;
			sourceTree = "<group>";
		};
		125593ED19FEE133001EC477 /* Resources */ = {
			isa = PBXGroup;
			children = (
				1279B5E019FED4E700A7828C /* Images.xcassets */,
				1279B5E219FED4E700A7828C /* LaunchScreen.xib */,
			);
			name = Resources;
			sourceTree = "<group>";
		};
		127400361A36593F004D96D3 /* QuickInsertView */ = {
			isa = PBXGroup;
			children = (
				12FE325E1A10D75F00FAB243 /* QuickInsertView.swift */,
				12FE32601A10D76900FAB243 /* QuickInsertView.xib */,
			);
			name = QuickInsertView;
			sourceTree = "<group>";
		};
		127400371A365A13004D96D3 /* Inbox */ = {
			isa = PBXGroup;
			children = (
				12059DD01A350476007F5E7C /* NTHInboxCell.swift */,
				12059DCE1A350153007F5E7C /* NTHInboxCell.xib */,
				1279B5DB19FED4E700A7828C /* InboxViewController.swift */,
				12059DD41A36273D007F5E7C /* NTHTaskStatusView.swift */,
			);
			name = Inbox;
			sourceTree = "<group>";
		};
		1279B5CB19FED4E700A7828C = {
			isa = PBXGroup;
			children = (
				12059DCB1A34FDAC007F5E7C /* Nothing2 */,
				1279B5D619FED4E700A7828C /* Nothing */,
				12E2158B1A037C9C0038AD45 /* External */,
				1279B5EC19FED4E700A7828C /* NothingTests */,
				1279B5D519FED4E700A7828C /* Products */,
			);
			sourceTree = "<group>";
		};
		1279B5D519FED4E700A7828C /* Products */ = {
			isa = PBXGroup;
			children = (
				1279B5D419FED4E700A7828C /* Nothing.app */,
				1279B5E919FED4E700A7828C /* NothingTests.xctest */,
			);
			name = Products;
			sourceTree = "<group>";
		};
		1279B5D619FED4E700A7828C /* Nothing */ = {
			isa = PBXGroup;
			children = (
				1279B5D919FED4E700A7828C /* AppDelegate.swift */,
				12CC22211A12109400DF8EE0 /* Inbox */,
				12EDE78B1A1FC65B0020D549 /* Dialogs */,
				128B298D1A1FB060005C93DF /* Create / Edit / Browse */,
				1279B5F919FED64D00A7828C /* Core Data */,
				1279B61319FED65300A7828C /* Cache */,
				123B6E2119FF86C4008E22DB /* HashtagDetector.swift */,
				125593EB19FEE10A001EC477 /* UIColor_Extension.swift */,
				123B6E2319FF909F008E22DB /* UILabel_Extension.swift */,
				12CEF17E1A083832004DE156 /* UIView_Extension.swift */,
				1279B5FD19FED64D00A7828C /* NSManagedObject_Extension.swift */,
				12CC222A1A122FC700DF8EE0 /* NSDateFormatter_Extension.swift */,
				123F11C41A2653FF00B0FC08 /* UIBarButtonItem_Extension.swift */,
				125593ED19FEE133001EC477 /* Resources */,
				1279B5D719FED4E700A7828C /* Supporting Files */,
			);
			path = Nothing;
			sourceTree = "<group>";
		};
		1279B5D719FED4E700A7828C /* Supporting Files */ = {
			isa = PBXGroup;
			children = (
				1279B5D819FED4E700A7828C /* Info.plist */,
			);
			name = "Supporting Files";
			sourceTree = "<group>";
		};
		1279B5EC19FED4E700A7828C /* NothingTests */ = {
			isa = PBXGroup;
			children = (
				1279B5EF19FED4E800A7828C /* NothingTests.swift */,
				1279B5ED19FED4E800A7828C /* Supporting Files */,
			);
			path = NothingTests;
			sourceTree = "<group>";
		};
		1279B5ED19FED4E800A7828C /* Supporting Files */ = {
			isa = PBXGroup;
			children = (
				1279B5EE19FED4E800A7828C /* Info.plist */,
			);
			name = "Supporting Files";
			sourceTree = "<group>";
		};
		1279B5F919FED64D00A7828C /* Core Data */ = {
			isa = PBXGroup;
			children = (
				1279B60119FED64D00A7828C /* Nothing.xcdatamodeld */,
				1279B5FA19FED64D00A7828C /* Core */,
				1279B5FE19FED64D00A7828C /* Model */,
			);
			path = "Core Data";
			sourceTree = "<group>";
		};
		1279B5FA19FED64D00A7828C /* Core */ = {
			isa = PBXGroup;
			children = (
				1279B5FB19FED64D00A7828C /* CDHelper.swift */,
				1279B5FC19FED64D00A7828C /* CDStore.swift */,
			);
			path = Core;
			sourceTree = "<group>";
		};
		1279B5FE19FED64D00A7828C /* Model */ = {
			isa = PBXGroup;
			children = (
				1279B5FF19FED64D00A7828C /* Connection.swift */,
				1279B60019FED64D00A7828C /* Contact.swift */,
				1279B60319FED64D00A7828C /* DateReminderInfo.swift */,
				1279B60419FED64D00A7828C /* LocationReminderInfo.swift */,
				1279B60519FED64D00A7828C /* Place.swift */,
				1279B60619FED64D00A7828C /* Task.swift */,
				12BEB0F31A06DC9300643860 /* ModelController.swift */,
			);
			path = Model;
			sourceTree = "<group>";
		};
		1279B61319FED65300A7828C /* Cache */ = {
			isa = PBXGroup;
			children = (
				12E215991A03A9840038AD45 /* ThumbnailCache.swift */,
				1279B61419FEDBD200A7828C /* FileCache.swift */,
				1279B60719FED64D00A7828C /* FileManager.swift */,
			);
			name = Cache;
			sourceTree = "<group>";
		};
		128B29881A1E96AD005C93DF /* Details */ = {
			isa = PBXGroup;
			children = (
				124ADC981A19467600750816 /* DetailViewController.swift */,
				124ADC9A1A19493C00750816 /* DetailModelView.swift */,
				129A555F1A1E826A00ED249D /* MapCell.xib */,
				129A555D1A1E825500ED249D /* MapCell.swift */,
				129A55591A1E69F100ED249D /* TextViewCell.xib */,
				129A555B1A1E6A0800ED249D /* TextViewCell.swift */,
				128B29891A1EA842005C93DF /* SeparatorCell.xib */,
				128B298B1A1EA862005C93DF /* SeparatorCell.swift */,
			);
			name = Details;
			sourceTree = "<group>";
		};
		128B298D1A1FB060005C93DF /* Create / Edit / Browse */ = {
			isa = PBXGroup;
			children = (
				12EDE7881A1FBDC20020D549 /* NTHTableViewController.swift */,
				12EDE78A1A1FC2BB0020D549 /* Create */,
				128B29881A1E96AD005C93DF /* Details */,
			);
			name = "Create / Edit / Browse";
			sourceTree = "<group>";
		};
		12CC22211A12109400DF8EE0 /* Inbox */ = {
			isa = PBXGroup;
			children = (
				12CC22261A12207300DF8EE0 /* InboxCellViewModel.swift */,
			);
			name = Inbox;
			sourceTree = "<group>";
		};
		12E2158B1A037C9C0038AD45 /* External */ = {
			isa = PBXGroup;
			children = (
			);
			name = External;
			sourceTree = "<group>";
		};
		12ED791F1A3F43020052893D /* CellView */ = {
			isa = PBXGroup;
			children = (
				12ED791B1A3F42E80052893D /* NTHCellView.swift */,
				12ED791D1A3F42FE0052893D /* NTHCellView.xib */,
			);
			name = CellView;
			sourceTree = "<group>";
		};
		12ED79201A3F59C80052893D /* Task Detail */ = {
			isa = PBXGroup;
			children = (
				12ED79211A3F59E10052893D /* NTHTaskDetailViewController.swift */,
				12B6EF1C1A40B5E1006E8A10 /* NTHTaskDisplayable.swift */,
			);
			name = "Task Detail";
			sourceTree = "<group>";
		};
		12EDE78A1A1FC2BB0020D549 /* Create */ = {
			isa = PBXGroup;
			children = (
				12EDE7861A1FBD1E0020D549 /* CreateEditViewController.swift */,
			);
			name = Create;
			sourceTree = "<group>";
		};
		12EDE78B1A1FC65B0020D549 /* Dialogs */ = {
			isa = PBXGroup;
			children = (
				12EDE78C1A1FC6770020D549 /* TextEditorViewController.swift */,
			);
			name = Dialogs;
			sourceTree = "<group>";
		};
/* End PBXGroup section */

/* Begin PBXNativeTarget section */
		1279B5D319FED4E700A7828C /* Nothing */ = {
			isa = PBXNativeTarget;
			buildConfigurationList = 1279B5F319FED4E800A7828C /* Build configuration list for PBXNativeTarget "Nothing" */;
			buildPhases = (
				1279B5D019FED4E700A7828C /* Sources */,
				1279B5D119FED4E700A7828C /* Frameworks */,
				1279B5D219FED4E700A7828C /* Resources */,
			);
			buildRules = (
			);
			dependencies = (
			);
			name = Nothing;
			productName = Nothing;
			productReference = 1279B5D419FED4E700A7828C /* Nothing.app */;
			productType = "com.apple.product-type.application";
		};
		1279B5E819FED4E700A7828C /* NothingTests */ = {
			isa = PBXNativeTarget;
			buildConfigurationList = 1279B5F619FED4E800A7828C /* Build configuration list for PBXNativeTarget "NothingTests" */;
			buildPhases = (
				1279B5E519FED4E700A7828C /* Sources */,
				1279B5E619FED4E700A7828C /* Frameworks */,
				1279B5E719FED4E700A7828C /* Resources */,
			);
			buildRules = (
			);
			dependencies = (
				1279B5EB19FED4E700A7828C /* PBXTargetDependency */,
			);
			name = NothingTests;
			productName = NothingTests;
			productReference = 1279B5E919FED4E700A7828C /* NothingTests.xctest */;
			productType = "com.apple.product-type.bundle.unit-test";
		};
/* End PBXNativeTarget section */

/* Begin PBXProject section */
		1279B5CC19FED4E700A7828C /* Project object */ = {
			isa = PBXProject;
			attributes = {
				CLASSPREFIX = NTH;
				LastUpgradeCheck = 0610;
				ORGANIZATIONNAME = "Tomasz Szulc";
				TargetAttributes = {
					1279B5D319FED4E700A7828C = {
						CreatedOnToolsVersion = 6.1;
					};
					1279B5E819FED4E700A7828C = {
						CreatedOnToolsVersion = 6.1;
						TestTargetID = 1279B5D319FED4E700A7828C;
					};
				};
			};
			buildConfigurationList = 1279B5CF19FED4E700A7828C /* Build configuration list for PBXProject "Nothing" */;
			compatibilityVersion = "Xcode 3.2";
			developmentRegion = English;
			hasScannedForEncodings = 0;
			knownRegions = (
				en,
				Base,
			);
			mainGroup = 1279B5CB19FED4E700A7828C;
			productRefGroup = 1279B5D519FED4E700A7828C /* Products */;
			projectDirPath = "";
			projectRoot = "";
			targets = (
				1279B5D319FED4E700A7828C /* Nothing */,
				1279B5E819FED4E700A7828C /* NothingTests */,
			);
		};
/* End PBXProject section */

/* Begin PBXResourcesBuildPhase section */
		1279B5D219FED4E700A7828C /* Resources */ = {
			isa = PBXResourcesBuildPhase;
			buildActionMask = 2147483647;
			files = (
				12FE32611A10D76900FAB243 /* QuickInsertView.xib in Resources */,
				1279B5DF19FED4E700A7828C /* Main.storyboard in Resources */,
				12ED791E1A3F42FE0052893D /* NTHCellView.xib in Resources */,
				1279B5E419FED4E700A7828C /* LaunchScreen.xib in Resources */,
				128B298A1A1EA842005C93DF /* SeparatorCell.xib in Resources */,
				1279B5E119FED4E700A7828C /* Images.xcassets in Resources */,
				12059DCF1A350153007F5E7C /* NTHInboxCell.xib in Resources */,
				129A55601A1E826A00ED249D /* MapCell.xib in Resources */,
				129A555A1A1E69F100ED249D /* TextViewCell.xib in Resources */,
			);
			runOnlyForDeploymentPostprocessing = 0;
		};
		1279B5E719FED4E700A7828C /* Resources */ = {
			isa = PBXResourcesBuildPhase;
			buildActionMask = 2147483647;
			files = (
			);
			runOnlyForDeploymentPostprocessing = 0;
		};
/* End PBXResourcesBuildPhase section */

/* Begin PBXSourcesBuildPhase section */
		1279B5D019FED4E700A7828C /* Sources */ = {
			isa = PBXSourcesBuildPhase;
			buildActionMask = 2147483647;
			files = (
				12CEF17F1A083832004DE156 /* UIView_Extension.swift in Sources */,
				1279B60919FED64D00A7828C /* CDStore.swift in Sources */,
				125593EC19FEE10A001EC477 /* UIColor_Extension.swift in Sources */,
				1279B60D19FED64D00A7828C /* Nothing.xcdatamodeld in Sources */,
				123B6E2419FF909F008E22DB /* UILabel_Extension.swift in Sources */,
				1279B61519FEDBD200A7828C /* FileCache.swift in Sources */,
				12059DD51A36273D007F5E7C /* NTHTaskStatusView.swift in Sources */,
				1279B60F19FED64D00A7828C /* LocationReminderInfo.swift in Sources */,
				1279B60B19FED64D00A7828C /* Connection.swift in Sources */,
				12EDE78D1A1FC6770020D549 /* TextEditorViewController.swift in Sources */,
				12EDE7891A1FBDC20020D549 /* NTHTableViewController.swift in Sources */,
				1279B61119FED64D00A7828C /* Task.swift in Sources */,
				12CC22271A12207300DF8EE0 /* InboxCellViewModel.swift in Sources */,
				1279B5DC19FED4E700A7828C /* InboxViewController.swift in Sources */,
				12ED791C1A3F42E80052893D /* NTHCellView.swift in Sources */,
				12059DCD1A34FF5C007F5E7C /* NTHFonts.swift in Sources */,
				1279B5DA19FED4E700A7828C /* AppDelegate.swift in Sources */,
				123B6E2219FF86C4008E22DB /* HashtagDetector.swift in Sources */,
				12059DD11A350476007F5E7C /* NTHInboxCell.swift in Sources */,
				12059DCA1A34FDA2007F5E7C /* NTHColors.swift in Sources */,
				12EDE7871A1FBD1E0020D549 /* CreateEditViewController.swift in Sources */,
				129A555C1A1E6A0800ED249D /* TextViewCell.swift in Sources */,
				124ADC991A19467600750816 /* DetailViewController.swift in Sources */,
				128B298C1A1EA862005C93DF /* SeparatorCell.swift in Sources */,
				1279B60A19FED64D00A7828C /* NSManagedObject_Extension.swift in Sources */,
				12B6EF1D1A40B5E1006E8A10 /* NTHTaskDisplayable.swift in Sources */,
				129A555E1A1E825500ED249D /* MapCell.swift in Sources */,
				12FE325F1A10D75F00FAB243 /* QuickInsertView.swift in Sources */,
				1279B61219FED64D00A7828C /* FileManager.swift in Sources */,
				12CC222B1A122FC700DF8EE0 /* NSDateFormatter_Extension.swift in Sources */,
				1279B60819FED64D00A7828C /* CDHelper.swift in Sources */,
				12BEB0F41A06DC9300643860 /* ModelController.swift in Sources */,
				12ED79221A3F59E10052893D /* NTHTaskDetailViewController.swift in Sources */,
				12E2159A1A03A9840038AD45 /* ThumbnailCache.swift in Sources */,
				124ADC9B1A19493C00750816 /* DetailModelView.swift in Sources */,
				123F11C51A2653FF00B0FC08 /* UIBarButtonItem_Extension.swift in Sources */,
				1279B60C19FED64D00A7828C /* Contact.swift in Sources */,
				1279B61019FED64D00A7828C /* Place.swift in Sources */,
				1279B60E19FED64D00A7828C /* DateReminderInfo.swift in Sources */,
			);
			runOnlyForDeploymentPostprocessing = 0;
		};
		1279B5E519FED4E700A7828C /* Sources */ = {
			isa = PBXSourcesBuildPhase;
			buildActionMask = 2147483647;
			files = (
				1279B5F019FED4E800A7828C /* NothingTests.swift in Sources */,
			);
			runOnlyForDeploymentPostprocessing = 0;
		};
/* End PBXSourcesBuildPhase section */

/* Begin PBXTargetDependency section */
		1279B5EB19FED4E700A7828C /* PBXTargetDependency */ = {
			isa = PBXTargetDependency;
			target = 1279B5D319FED4E700A7828C /* Nothing */;
			targetProxy = 1279B5EA19FED4E700A7828C /* PBXContainerItemProxy */;
		};
/* End PBXTargetDependency section */

/* Begin PBXVariantGroup section */
		1279B5DD19FED4E700A7828C /* Main.storyboard */ = {
			isa = PBXVariantGroup;
			children = (
				1279B5DE19FED4E700A7828C /* Base */,
			);
			name = Main.storyboard;
			path = Nothing;
			sourceTree = "<group>";
		};
		1279B5E219FED4E700A7828C /* LaunchScreen.xib */ = {
			isa = PBXVariantGroup;
			children = (
				1279B5E319FED4E700A7828C /* Base */,
			);
			name = LaunchScreen.xib;
			sourceTree = "<group>";
		};
/* End PBXVariantGroup section */

/* Begin XCBuildConfiguration section */
		1279B5F119FED4E800A7828C /* Debug */ = {
			isa = XCBuildConfiguration;
			buildSettings = {
				ALWAYS_SEARCH_USER_PATHS = NO;
				CLANG_CXX_LANGUAGE_STANDARD = "gnu++0x";
				CLANG_CXX_LIBRARY = "libc++";
				CLANG_ENABLE_MODULES = YES;
				CLANG_ENABLE_OBJC_ARC = YES;
				CLANG_WARN_BOOL_CONVERSION = YES;
				CLANG_WARN_CONSTANT_CONVERSION = YES;
				CLANG_WARN_DIRECT_OBJC_ISA_USAGE = YES_ERROR;
				CLANG_WARN_EMPTY_BODY = YES;
				CLANG_WARN_ENUM_CONVERSION = YES;
				CLANG_WARN_INT_CONVERSION = YES;
				CLANG_WARN_OBJC_ROOT_CLASS = YES_ERROR;
				CLANG_WARN_UNREACHABLE_CODE = YES;
				CLANG_WARN__DUPLICATE_METHOD_MATCH = YES;
				"CODE_SIGN_IDENTITY[sdk=iphoneos*]" = "iPhone Developer";
				COPY_PHASE_STRIP = NO;
				ENABLE_STRICT_OBJC_MSGSEND = YES;
				GCC_C_LANGUAGE_STANDARD = gnu99;
				GCC_DYNAMIC_NO_PIC = NO;
				GCC_OPTIMIZATION_LEVEL = 0;
				GCC_PREPROCESSOR_DEFINITIONS = (
					"DEBUG=1",
					"$(inherited)",
				);
				GCC_SYMBOLS_PRIVATE_EXTERN = NO;
				GCC_WARN_64_TO_32_BIT_CONVERSION = YES;
				GCC_WARN_ABOUT_RETURN_TYPE = YES_ERROR;
				GCC_WARN_UNDECLARED_SELECTOR = YES;
				GCC_WARN_UNINITIALIZED_AUTOS = YES_AGGRESSIVE;
				GCC_WARN_UNUSED_FUNCTION = YES;
				GCC_WARN_UNUSED_VARIABLE = YES;
				IPHONEOS_DEPLOYMENT_TARGET = 8.1;
				MTL_ENABLE_DEBUG_INFO = YES;
				ONLY_ACTIVE_ARCH = YES;
				SDKROOT = iphoneos;
				SWIFT_OPTIMIZATION_LEVEL = "-Onone";
			};
			name = Debug;
		};
		1279B5F219FED4E800A7828C /* Release */ = {
			isa = XCBuildConfiguration;
			buildSettings = {
				ALWAYS_SEARCH_USER_PATHS = NO;
				CLANG_CXX_LANGUAGE_STANDARD = "gnu++0x";
				CLANG_CXX_LIBRARY = "libc++";
				CLANG_ENABLE_MODULES = YES;
				CLANG_ENABLE_OBJC_ARC = YES;
				CLANG_WARN_BOOL_CONVERSION = YES;
				CLANG_WARN_CONSTANT_CONVERSION = YES;
				CLANG_WARN_DIRECT_OBJC_ISA_USAGE = YES_ERROR;
				CLANG_WARN_EMPTY_BODY = YES;
				CLANG_WARN_ENUM_CONVERSION = YES;
				CLANG_WARN_INT_CONVERSION = YES;
				CLANG_WARN_OBJC_ROOT_CLASS = YES_ERROR;
				CLANG_WARN_UNREACHABLE_CODE = YES;
				CLANG_WARN__DUPLICATE_METHOD_MATCH = YES;
				"CODE_SIGN_IDENTITY[sdk=iphoneos*]" = "iPhone Developer";
				COPY_PHASE_STRIP = YES;
				ENABLE_NS_ASSERTIONS = NO;
				ENABLE_STRICT_OBJC_MSGSEND = YES;
				GCC_C_LANGUAGE_STANDARD = gnu99;
				GCC_WARN_64_TO_32_BIT_CONVERSION = YES;
				GCC_WARN_ABOUT_RETURN_TYPE = YES_ERROR;
				GCC_WARN_UNDECLARED_SELECTOR = YES;
				GCC_WARN_UNINITIALIZED_AUTOS = YES_AGGRESSIVE;
				GCC_WARN_UNUSED_FUNCTION = YES;
				GCC_WARN_UNUSED_VARIABLE = YES;
				IPHONEOS_DEPLOYMENT_TARGET = 8.1;
				MTL_ENABLE_DEBUG_INFO = NO;
				SDKROOT = iphoneos;
				VALIDATE_PRODUCT = YES;
			};
			name = Release;
		};
		1279B5F419FED4E800A7828C /* Debug */ = {
			isa = XCBuildConfiguration;
			buildSettings = {
				ASSETCATALOG_COMPILER_APPICON_NAME = AppIcon;
				INFOPLIST_FILE = Nothing/Info.plist;
				LD_RUNPATH_SEARCH_PATHS = "$(inherited) @executable_path/Frameworks";
				PRODUCT_NAME = "$(TARGET_NAME)";
			};
			name = Debug;
		};
		1279B5F519FED4E800A7828C /* Release */ = {
			isa = XCBuildConfiguration;
			buildSettings = {
				ASSETCATALOG_COMPILER_APPICON_NAME = AppIcon;
				INFOPLIST_FILE = Nothing/Info.plist;
				LD_RUNPATH_SEARCH_PATHS = "$(inherited) @executable_path/Frameworks";
				PRODUCT_NAME = "$(TARGET_NAME)";
			};
			name = Release;
		};
		1279B5F719FED4E800A7828C /* Debug */ = {
			isa = XCBuildConfiguration;
			buildSettings = {
				BUNDLE_LOADER = "$(TEST_HOST)";
				FRAMEWORK_SEARCH_PATHS = (
					"$(SDKROOT)/Developer/Library/Frameworks",
					"$(inherited)",
				);
				GCC_PREPROCESSOR_DEFINITIONS = (
					"DEBUG=1",
					"$(inherited)",
				);
				INFOPLIST_FILE = NothingTests/Info.plist;
				LD_RUNPATH_SEARCH_PATHS = "$(inherited) @executable_path/Frameworks @loader_path/Frameworks";
				PRODUCT_NAME = "$(TARGET_NAME)";
				TEST_HOST = "$(BUILT_PRODUCTS_DIR)/Nothing.app/Nothing";
			};
			name = Debug;
		};
		1279B5F819FED4E800A7828C /* Release */ = {
			isa = XCBuildConfiguration;
			buildSettings = {
				BUNDLE_LOADER = "$(TEST_HOST)";
				FRAMEWORK_SEARCH_PATHS = (
					"$(SDKROOT)/Developer/Library/Frameworks",
					"$(inherited)",
				);
				INFOPLIST_FILE = NothingTests/Info.plist;
				LD_RUNPATH_SEARCH_PATHS = "$(inherited) @executable_path/Frameworks @loader_path/Frameworks";
				PRODUCT_NAME = "$(TARGET_NAME)";
				TEST_HOST = "$(BUILT_PRODUCTS_DIR)/Nothing.app/Nothing";
			};
			name = Release;
		};
/* End XCBuildConfiguration section */

/* Begin XCConfigurationList section */
		1279B5CF19FED4E700A7828C /* Build configuration list for PBXProject "Nothing" */ = {
			isa = XCConfigurationList;
			buildConfigurations = (
				1279B5F119FED4E800A7828C /* Debug */,
				1279B5F219FED4E800A7828C /* Release */,
			);
			defaultConfigurationIsVisible = 0;
			defaultConfigurationName = Release;
		};
		1279B5F319FED4E800A7828C /* Build configuration list for PBXNativeTarget "Nothing" */ = {
			isa = XCConfigurationList;
			buildConfigurations = (
				1279B5F419FED4E800A7828C /* Debug */,
				1279B5F519FED4E800A7828C /* Release */,
			);
			defaultConfigurationIsVisible = 0;
			defaultConfigurationName = Release;
		};
		1279B5F619FED4E800A7828C /* Build configuration list for PBXNativeTarget "NothingTests" */ = {
			isa = XCConfigurationList;
			buildConfigurations = (
				1279B5F719FED4E800A7828C /* Debug */,
				1279B5F819FED4E800A7828C /* Release */,
			);
			defaultConfigurationIsVisible = 0;
			defaultConfigurationName = Release;
		};
/* End XCConfigurationList section */

/* Begin XCVersionGroup section */
		1279B60119FED64D00A7828C /* Nothing.xcdatamodeld */ = {
			isa = XCVersionGroup;
			children = (
				1279B60219FED64D00A7828C /* Nothing.xcdatamodel */,
			);
			currentVersion = 1279B60219FED64D00A7828C /* Nothing.xcdatamodel */;
			name = Nothing.xcdatamodeld;
			path = Model/Nothing.xcdatamodeld;
			sourceTree = "<group>";
			versionGroupType = wrapper.xcdatamodel;
		};
/* End XCVersionGroup section */
	};
	rootObject = 1279B5CC19FED4E700A7828C /* Project object */;
}
