// !$*UTF8*$!
{
	archiveVersion = 1;
	classes = {
	};
	objectVersion = 46;
	objects = {

/* Begin PBXBuildFile section */
		120205291AA1027C0043CEE9 /* NTHOpenHoursPickerViewController.swift in Sources */ = {isa = PBXBuildFile; fileRef = 120205281AA1027C0043CEE9 /* NTHOpenHoursPickerViewController.swift */; };
		1202052B1AA1F3780043CEE9 /* NTHTime.swift in Sources */ = {isa = PBXBuildFile; fileRef = 1202052A1AA1F3780043CEE9 /* NTHTime.swift */; };
		1202EB731A79579900B67F45 /* NTHCreateEditDateReminderViewController.swift in Sources */ = {isa = PBXBuildFile; fileRef = 1202EB721A79579900B67F45 /* NTHCreateEditDateReminderViewController.swift */; };
		12059DCA1A34FDA2007F5E7C /* UIColor+Extensions.swift in Sources */ = {isa = PBXBuildFile; fileRef = 12059DC91A34FDA2007F5E7C /* UIColor+Extensions.swift */; };
		12059DCD1A34FF5C007F5E7C /* UIFont+Extension.swift in Sources */ = {isa = PBXBuildFile; fileRef = 12059DCC1A34FF5C007F5E7C /* UIFont+Extension.swift */; };
		12059DD11A350476007F5E7C /* NTHInboxCell.swift in Sources */ = {isa = PBXBuildFile; fileRef = 12059DD01A350476007F5E7C /* NTHInboxCell.swift */; };
		12059DD51A36273D007F5E7C /* NTHTaskStatusView.swift in Sources */ = {isa = PBXBuildFile; fileRef = 12059DD41A36273D007F5E7C /* NTHTaskStatusView.swift */; };
		120B3CE81A86074700FB38DD /* String+Extensions.swift in Sources */ = {isa = PBXBuildFile; fileRef = 120B3CE71A86074700FB38DD /* String+Extensions.swift */; };
		120B99581A9A3DB100518FF0 /* NTHMenuViewController.swift in Sources */ = {isa = PBXBuildFile; fileRef = 120B99571A9A3DB100518FF0 /* NTHMenuViewController.swift */; };
		121AA83B1AAB060100F3C7F6 /* NTHCreateEditLocationDateReminderViewController.swift in Sources */ = {isa = PBXBuildFile; fileRef = 121AA83A1AAB060100F3C7F6 /* NTHCreateEditLocationDateReminderViewController.swift */; };
		121CF5C61A8FD0440032ED36 /* NTHPlaceholderTextView.swift in Sources */ = {isa = PBXBuildFile; fileRef = 121CF5C51A8FD0440032ED36 /* NTHPlaceholderTextView.swift */; };
		121CF5C81A908B0B0032ED36 /* NTHCreateEditTaskViewController.swift in Sources */ = {isa = PBXBuildFile; fileRef = 121CF5C71A908B0B0032ED36 /* NTHCreateEditTaskViewController.swift */; };
		1230A08D1A8BBE6F0064447B /* LocalNotificationScheduler.swift in Sources */ = {isa = PBXBuildFile; fileRef = 1230A08C1A8BBE6F0064447B /* LocalNotificationScheduler.swift */; };
		1230A08F1A8BCDB20064447B /* TSRegionManager.swift in Sources */ = {isa = PBXBuildFile; fileRef = 1230A08E1A8BCDB20064447B /* TSRegionManager.swift */; };
		1230A0911A8BE5250064447B /* CLLocation_TS.swift in Sources */ = {isa = PBXBuildFile; fileRef = 1230A0901A8BE5250064447B /* CLLocation_TS.swift */; };
		123A54921A952A4D00B4C5D4 /* NTHInboxCell.xib in Resources */ = {isa = PBXBuildFile; fileRef = 123A54911A952A4D00B4C5D4 /* NTHInboxCell.xib */; };
		124A8F161A4F017800BE5EAB /* UIView+Extension.swift in Sources */ = {isa = PBXBuildFile; fileRef = 124A8F151A4F017800BE5EAB /* UIView+Extension.swift */; };
		124E5EB81A841F9E00CB3076 /* NTHLeftLabelRemoveCell.xib in Resources */ = {isa = PBXBuildFile; fileRef = 124E5EB71A841F9E00CB3076 /* NTHLeftLabelRemoveCell.xib */; };
		1250A3B71A868420005B4D69 /* UIAlertAction_TS.swift in Sources */ = {isa = PBXBuildFile; fileRef = 1250A3B61A868420005B4D69 /* UIAlertAction_TS.swift */; };
		1259B7731A8F7AFA0059525F /* TSRegion.swift in Sources */ = {isa = PBXBuildFile; fileRef = 1259B7721A8F7AFA0059525F /* TSRegion.swift */; };
		1259B7751A8F93380059525F /* CLLocationCoordinate2D_TS.swift in Sources */ = {isa = PBXBuildFile; fileRef = 1259B7741A8F93380059525F /* CLLocationCoordinate2D_TS.swift */; };
		1260AC001A7819BB0015CA4E /* NTHAnnotation.swift in Sources */ = {isa = PBXBuildFile; fileRef = 1260ABFF1A7819BB0015CA4E /* NTHAnnotation.swift */; };
		126904821A9E6B69008FDD84 /* NTHOpenHoursViewController.swift in Sources */ = {isa = PBXBuildFile; fileRef = 126904811A9E6B69008FDD84 /* NTHOpenHoursViewController.swift */; };
		126904841A9E6D84008FDD84 /* NTHOpenHoursCell.xib in Resources */ = {isa = PBXBuildFile; fileRef = 126904831A9E6D84008FDD84 /* NTHOpenHoursCell.xib */; };
		126904861A9E6DA0008FDD84 /* NTHOpenHoursCell.swift in Sources */ = {isa = PBXBuildFile; fileRef = 126904851A9E6DA0008FDD84 /* NTHOpenHoursCell.swift */; };
		1270B00F1A91369C0058DE82 /* UITableView_TS.swift in Sources */ = {isa = PBXBuildFile; fileRef = 1270B00E1A91369C0058DE82 /* UITableView_TS.swift */; };
		1279B5DA19FED4E700A7828C /* AppDelegate.swift in Sources */ = {isa = PBXBuildFile; fileRef = 1279B5D919FED4E700A7828C /* AppDelegate.swift */; };
		1279B5DF19FED4E700A7828C /* Main.storyboard in Resources */ = {isa = PBXBuildFile; fileRef = 1279B5DD19FED4E700A7828C /* Main.storyboard */; };
		1279B5E119FED4E700A7828C /* Images.xcassets in Resources */ = {isa = PBXBuildFile; fileRef = 1279B5E019FED4E700A7828C /* Images.xcassets */; };
		1279B5E419FED4E700A7828C /* LaunchScreen.xib in Resources */ = {isa = PBXBuildFile; fileRef = 1279B5E219FED4E700A7828C /* LaunchScreen.xib */; };
		1279B5F019FED4E800A7828C /* NothingTests.swift in Sources */ = {isa = PBXBuildFile; fileRef = 1279B5EF19FED4E800A7828C /* NothingTests.swift */; };
		1279B60819FED64D00A7828C /* CDHelper.swift in Sources */ = {isa = PBXBuildFile; fileRef = 1279B5FB19FED64D00A7828C /* CDHelper.swift */; };
		1279B60919FED64D00A7828C /* CDStore.swift in Sources */ = {isa = PBXBuildFile; fileRef = 1279B5FC19FED64D00A7828C /* CDStore.swift */; };
		1279B60A19FED64D00A7828C /* NSManagedObject+Extension.swift in Sources */ = {isa = PBXBuildFile; fileRef = 1279B5FD19FED64D00A7828C /* NSManagedObject+Extension.swift */; };
		1279B60B19FED64D00A7828C /* Link.swift in Sources */ = {isa = PBXBuildFile; fileRef = 1279B5FF19FED64D00A7828C /* Link.swift */; };
		1279B60C19FED64D00A7828C /* Contact.swift in Sources */ = {isa = PBXBuildFile; fileRef = 1279B60019FED64D00A7828C /* Contact.swift */; };
		1279B60D19FED64D00A7828C /* Nothing.xcdatamodeld in Sources */ = {isa = PBXBuildFile; fileRef = 1279B60119FED64D00A7828C /* Nothing.xcdatamodeld */; };
		1279B61019FED64D00A7828C /* Place.swift in Sources */ = {isa = PBXBuildFile; fileRef = 1279B60519FED64D00A7828C /* Place.swift */; };
		1279B61119FED64D00A7828C /* Task.swift in Sources */ = {isa = PBXBuildFile; fileRef = 1279B60619FED64D00A7828C /* Task.swift */; };
		1279B61219FED64D00A7828C /* FileManager.swift in Sources */ = {isa = PBXBuildFile; fileRef = 1279B60719FED64D00A7828C /* FileManager.swift */; };
		1279B61519FEDBD200A7828C /* FileCache.swift in Sources */ = {isa = PBXBuildFile; fileRef = 1279B61419FEDBD200A7828C /* FileCache.swift */; };
		127A800E1AA2666700B49666 /* NSManagedObjectContext_TS.swift in Sources */ = {isa = PBXBuildFile; fileRef = 127A800D1AA2666700B49666 /* NSManagedObjectContext_TS.swift */; };
		127A80131AA301D300B49666 /* UIStoryboardSegue_TS.swift in Sources */ = {isa = PBXBuildFile; fileRef = 127A80121AA301D300B49666 /* UIStoryboardSegue_TS.swift */; };
		127A80151AA30F5600B49666 /* NTHSimpleSelectPlaceViewController.swift in Sources */ = {isa = PBXBuildFile; fileRef = 127A80141AA30F5600B49666 /* NTHSimpleSelectPlaceViewController.swift */; };
		1287323E1AA62597000B3694 /* Reminder.swift in Sources */ = {isa = PBXBuildFile; fileRef = 1287323D1AA62597000B3694 /* Reminder.swift */; };
		128732401AA626DD000B3694 /* DateReminder.swift in Sources */ = {isa = PBXBuildFile; fileRef = 1287323F1AA626DD000B3694 /* DateReminder.swift */; };
		128732421AA6298D000B3694 /* LocationReminder.swift in Sources */ = {isa = PBXBuildFile; fileRef = 128732411AA6298D000B3694 /* LocationReminder.swift */; };
		128732441AA62A63000B3694 /* LocationDateReminder.swift in Sources */ = {isa = PBXBuildFile; fileRef = 128732431AA62A63000B3694 /* LocationDateReminder.swift */; };
		128732461AA6379D000B3694 /* NSSet_TS.swift in Sources */ = {isa = PBXBuildFile; fileRef = 128732451AA6379D000B3694 /* NSSet_TS.swift */; };
		128732481AA637FE000B3694 /* NSMutableSet.swift in Sources */ = {isa = PBXBuildFile; fileRef = 128732471AA637FE000B3694 /* NSMutableSet.swift */; };
		128EE7BE1A90EA0300D729F6 /* NTHCreateEditLocationReminderViewController.swift in Sources */ = {isa = PBXBuildFile; fileRef = 128EE7BD1A90EA0300D729F6 /* NTHCreateEditLocationReminderViewController.swift */; };
		128F91621A92844900C21DE3 /* NTHRegionControl.xib in Resources */ = {isa = PBXBuildFile; fileRef = 128F91611A92844900C21DE3 /* NTHRegionControl.xib */; };
		128F91641A92855D00C21DE3 /* NTHRegionControl.swift in Sources */ = {isa = PBXBuildFile; fileRef = 128F91631A92855D00C21DE3 /* NTHRegionControl.swift */; };
		128F91661A92873B00C21DE3 /* Float_TS.swift in Sources */ = {isa = PBXBuildFile; fileRef = 128F91651A92873B00C21DE3 /* Float_TS.swift */; };
		128F91681A93FED000C21DE3 /* NTHSelectPlaceViewController.swift in Sources */ = {isa = PBXBuildFile; fileRef = 128F91671A93FED000C21DE3 /* NTHSelectPlaceViewController.swift */; };
		12981F0B1A86223000CDFA1D /* RepeatInterval.swift in Sources */ = {isa = PBXBuildFile; fileRef = 12981F0A1A86223000CDFA1D /* RepeatInterval.swift */; };
		12981F0D1A8627D300CDFA1D /* NTHLeftLabelCell.xib in Resources */ = {isa = PBXBuildFile; fileRef = 12981F0C1A8627D300CDFA1D /* NTHLeftLabelCell.xib */; };
		12981F0F1A86280800CDFA1D /* NTHCenterLabelCell.swift in Sources */ = {isa = PBXBuildFile; fileRef = 12981F0E1A86280800CDFA1D /* NTHCenterLabelCell.swift */; };
		12A703521AA7B9F2009538E2 /* NTHSelectRepeatIntervalViewController.swift in Sources */ = {isa = PBXBuildFile; fileRef = 12A703511AA7B9F2009538E2 /* NTHSelectRepeatIntervalViewController.swift */; };
		12A7B33D1A9679E800A4EACB /* NTHTaskDetailsViewController.swift in Sources */ = {isa = PBXBuildFile; fileRef = 12A7B33C1A9679E800A4EACB /* NTHTaskDetailsViewController.swift */; };
		12A7B33F1A9681FB00A4EACB /* NTHTwoLineLeftLabelCell.swift in Sources */ = {isa = PBXBuildFile; fileRef = 12A7B33E1A9681FB00A4EACB /* NTHTwoLineLeftLabelCell.swift */; };
		12A7B3411A96820E00A4EACB /* NTHTwoLineLeftLabelCell.xib in Resources */ = {isa = PBXBuildFile; fileRef = 12A7B3401A96820E00A4EACB /* NTHTwoLineLeftLabelCell.xib */; };
		12A7C0B51A9893DA00BB6B94 /* NTHButton.swift in Sources */ = {isa = PBXBuildFile; fileRef = 12A7C0B41A9893DA00BB6B94 /* NTHButton.swift */; };
		12A7C0B71A9A080D00BB6B94 /* UIAlertController_TS.swift in Sources */ = {isa = PBXBuildFile; fileRef = 12A7C0B61A9A080D00BB6B94 /* UIAlertController_TS.swift */; };
		12AC63C91A90AB3700883650 /* NTHTextField.swift in Sources */ = {isa = PBXBuildFile; fileRef = 12AC63C81A90AB3700883650 /* NTHTextField.swift */; };
		12BB65311A7E27DA00CC4448 /* NTHLeftLabelRemoveCell.swift in Sources */ = {isa = PBXBuildFile; fileRef = 12BB65301A7E27DA00CC4448 /* NTHLeftLabelRemoveCell.swift */; };
		12BEB0F41A06DC9300643860 /* ModelController.swift in Sources */ = {isa = PBXBuildFile; fileRef = 12BEB0F31A06DC9300643860 /* ModelController.swift */; };
		12CAEA2C1A9D16100084A67C /* NTHUnwindSheetSegue.swift in Sources */ = {isa = PBXBuildFile; fileRef = 12CAEA2B1A9D16100084A67C /* NTHUnwindSheetSegue.swift */; };
		12CB97661AA372F70075C0E4 /* TSRegionTimeRange.swift in Sources */ = {isa = PBXBuildFile; fileRef = 12CB97651AA372F70075C0E4 /* TSRegionTimeRange.swift */; };
		12CC222B1A122FC700DF8EE0 /* NSDateFormatter+Extension.swift in Sources */ = {isa = PBXBuildFile; fileRef = 12CC222A1A122FC700DF8EE0 /* NSDateFormatter+Extension.swift */; };
		12D2E87D1A9B92D8001539CD /* NTHTrashViewController.swift in Sources */ = {isa = PBXBuildFile; fileRef = 12D2E87C1A9B92D8001539CD /* NTHTrashViewController.swift */; };
		12D2E87F1A9B9459001539CD /* Bool_TS.swift in Sources */ = {isa = PBXBuildFile; fileRef = 12D2E87E1A9B9459001539CD /* Bool_TS.swift */; };
		12D2E8811A9B9CDD001539CD /* NTHTrashCell.xib in Resources */ = {isa = PBXBuildFile; fileRef = 12D2E8801A9B9CDD001539CD /* NTHTrashCell.xib */; };
		12D2E8831A9B9CF1001539CD /* NTHTrashCell.swift in Sources */ = {isa = PBXBuildFile; fileRef = 12D2E8821A9B9CF1001539CD /* NTHTrashCell.swift */; };
		12D2E8851A9BB537001539CD /* NTHMapViewController.swift in Sources */ = {isa = PBXBuildFile; fileRef = 12D2E8841A9BB537001539CD /* NTHMapViewController.swift */; };
		12D2E8891A9BE76B001539CD /* OpenTimeRange.swift in Sources */ = {isa = PBXBuildFile; fileRef = 12D2E8881A9BE76B001539CD /* OpenTimeRange.swift */; };
		12D2E88B1A9CE25A001539CD /* NTHDateTimePickerViewController.swift in Sources */ = {isa = PBXBuildFile; fileRef = 12D2E88A1A9CE25A001539CD /* NTHDateTimePickerViewController.swift */; };
		12E2159A1A03A9840038AD45 /* ThumbnailCache.swift in Sources */ = {isa = PBXBuildFile; fileRef = 12E215991A03A9840038AD45 /* ThumbnailCache.swift */; };
		12E2929B1A951DEF0079D257 /* NTHSelectContactViewController.swift in Sources */ = {isa = PBXBuildFile; fileRef = 12E2929A1A951DEF0079D257 /* NTHSelectContactViewController.swift */; };
		12E2929D1A9522D90079D257 /* NTHCreateEditContactViewController.swift in Sources */ = {isa = PBXBuildFile; fileRef = 12E2929C1A9522D90079D257 /* NTHCreateEditContactViewController.swift */; };
		12E2929F1A9527300079D257 /* NTHInboxViewController.swift in Sources */ = {isa = PBXBuildFile; fileRef = 12E2929E1A9527300079D257 /* NTHInboxViewController.swift */; };
		12F0B3241A9CF0F1006229AD /* NTHSheetSegue.swift in Sources */ = {isa = PBXBuildFile; fileRef = 12F0B3231A9CF0F1006229AD /* NTHSheetSegue.swift */; };
		12F0B3261A9CF128006229AD /* NTHSheetViewController.swift in Sources */ = {isa = PBXBuildFile; fileRef = 12F0B3251A9CF128006229AD /* NTHSheetViewController.swift */; };
		12FC2D2C1AAB3CDC00F5A1A3 /* NTHSelectRegionViewController.swift in Sources */ = {isa = PBXBuildFile; fileRef = 12FC2D2B1AAB3CDC00F5A1A3 /* NTHSelectRegionViewController.swift */; };
		12FE1D711A913A8600F03601 /* NTHCreateEditPlaceViewController.swift in Sources */ = {isa = PBXBuildFile; fileRef = 12FE1D701A913A8600F03601 /* NTHCreateEditPlaceViewController.swift */; };
		12FE1D731A913C6100F03601 /* MKMapView_TS.swift in Sources */ = {isa = PBXBuildFile; fileRef = 12FE1D721A913C6100F03601 /* MKMapView_TS.swift */; };
		12FE1D751A9146E100F03601 /* NTHCenterLabelCell.xib in Resources */ = {isa = PBXBuildFile; fileRef = 12FE1D741A9146E100F03601 /* NTHCenterLabelCell.xib */; };
		12FE1D771A9146F600F03601 /* NTHLeftLabelCell.swift in Sources */ = {isa = PBXBuildFile; fileRef = 12FE1D761A9146F600F03601 /* NTHLeftLabelCell.swift */; };
/* End PBXBuildFile section */

/* Begin PBXContainerItemProxy section */
		1279B5EA19FED4E700A7828C /* PBXContainerItemProxy */ = {
			isa = PBXContainerItemProxy;
			containerPortal = 1279B5CC19FED4E700A7828C /* Project object */;
			proxyType = 1;
			remoteGlobalIDString = 1279B5D319FED4E700A7828C;
			remoteInfo = Nothing;
		};
/* End PBXContainerItemProxy section */

/* Begin PBXFileReference section */
		120205281AA1027C0043CEE9 /* NTHOpenHoursPickerViewController.swift */ = {isa = PBXFileReference; fileEncoding = 4; lastKnownFileType = sourcecode.swift; path = NTHOpenHoursPickerViewController.swift; sourceTree = "<group>"; };
		1202052A1AA1F3780043CEE9 /* NTHTime.swift */ = {isa = PBXFileReference; fileEncoding = 4; lastKnownFileType = sourcecode.swift; path = NTHTime.swift; sourceTree = "<group>"; };
		1202052C1AA25D170043CEE9 /* Nothing 10.xcdatamodel */ = {isa = PBXFileReference; lastKnownFileType = wrapper.xcdatamodel; path = "Nothing 10.xcdatamodel"; sourceTree = "<group>"; };
		1202EB721A79579900B67F45 /* NTHCreateEditDateReminderViewController.swift */ = {isa = PBXFileReference; fileEncoding = 4; lastKnownFileType = sourcecode.swift; path = NTHCreateEditDateReminderViewController.swift; sourceTree = "<group>"; };
		12059DC91A34FDA2007F5E7C /* UIColor+Extensions.swift */ = {isa = PBXFileReference; fileEncoding = 4; lastKnownFileType = sourcecode.swift; path = "UIColor+Extensions.swift"; sourceTree = "<group>"; };
		12059DCC1A34FF5C007F5E7C /* UIFont+Extension.swift */ = {isa = PBXFileReference; fileEncoding = 4; lastKnownFileType = sourcecode.swift; path = "UIFont+Extension.swift"; sourceTree = "<group>"; };
		12059DD01A350476007F5E7C /* NTHInboxCell.swift */ = {isa = PBXFileReference; fileEncoding = 4; lastKnownFileType = sourcecode.swift; path = NTHInboxCell.swift; sourceTree = "<group>"; };
		12059DD41A36273D007F5E7C /* NTHTaskStatusView.swift */ = {isa = PBXFileReference; fileEncoding = 4; lastKnownFileType = sourcecode.swift; path = NTHTaskStatusView.swift; sourceTree = "<group>"; };
		120B3CE71A86074700FB38DD /* String+Extensions.swift */ = {isa = PBXFileReference; fileEncoding = 4; lastKnownFileType = sourcecode.swift; path = "String+Extensions.swift"; sourceTree = "<group>"; };
		120B99571A9A3DB100518FF0 /* NTHMenuViewController.swift */ = {isa = PBXFileReference; fileEncoding = 4; lastKnownFileType = sourcecode.swift; path = NTHMenuViewController.swift; sourceTree = "<group>"; };
		120E72BC1A9A20D7007F5E80 /* Nothing 5.xcdatamodel */ = {isa = PBXFileReference; lastKnownFileType = wrapper.xcdatamodel; path = "Nothing 5.xcdatamodel"; sourceTree = "<group>"; };
		1218B1471A87DEDD0087E04B /* Nothing 2.xcdatamodel */ = {isa = PBXFileReference; lastKnownFileType = wrapper.xcdatamodel; path = "Nothing 2.xcdatamodel"; sourceTree = "<group>"; };
		121AA83A1AAB060100F3C7F6 /* NTHCreateEditLocationDateReminderViewController.swift */ = {isa = PBXFileReference; fileEncoding = 4; lastKnownFileType = sourcecode.swift; path = NTHCreateEditLocationDateReminderViewController.swift; sourceTree = "<group>"; };
		121CF5C51A8FD0440032ED36 /* NTHPlaceholderTextView.swift */ = {isa = PBXFileReference; fileEncoding = 4; lastKnownFileType = sourcecode.swift; path = NTHPlaceholderTextView.swift; sourceTree = "<group>"; };
		121CF5C71A908B0B0032ED36 /* NTHCreateEditTaskViewController.swift */ = {isa = PBXFileReference; fileEncoding = 4; lastKnownFileType = sourcecode.swift; path = NTHCreateEditTaskViewController.swift; sourceTree = "<group>"; };
		1230A08C1A8BBE6F0064447B /* LocalNotificationScheduler.swift */ = {isa = PBXFileReference; fileEncoding = 4; lastKnownFileType = sourcecode.swift; name = LocalNotificationScheduler.swift; path = "Nothing/Core Data/Model/LocalNotificationScheduler.swift"; sourceTree = "<group>"; };
		1230A08E1A8BCDB20064447B /* TSRegionManager.swift */ = {isa = PBXFileReference; fileEncoding = 4; lastKnownFileType = sourcecode.swift; path = TSRegionManager.swift; sourceTree = "<group>"; };
		1230A0901A8BE5250064447B /* CLLocation_TS.swift */ = {isa = PBXFileReference; fileEncoding = 4; lastKnownFileType = sourcecode.swift; path = CLLocation_TS.swift; sourceTree = "<group>"; };
		1230A0921A8BF10D0064447B /* Nothing 3.xcdatamodel */ = {isa = PBXFileReference; lastKnownFileType = wrapper.xcdatamodel; path = "Nothing 3.xcdatamodel"; sourceTree = "<group>"; };
		123A54911A952A4D00B4C5D4 /* NTHInboxCell.xib */ = {isa = PBXFileReference; fileEncoding = 4; lastKnownFileType = file.xib; path = NTHInboxCell.xib; sourceTree = "<group>"; };
		124A8F151A4F017800BE5EAB /* UIView+Extension.swift */ = {isa = PBXFileReference; fileEncoding = 4; lastKnownFileType = sourcecode.swift; path = "UIView+Extension.swift"; sourceTree = "<group>"; };
		124E5EB71A841F9E00CB3076 /* NTHLeftLabelRemoveCell.xib */ = {isa = PBXFileReference; fileEncoding = 4; lastKnownFileType = file.xib; path = NTHLeftLabelRemoveCell.xib; sourceTree = "<group>"; };
		1250A3B61A868420005B4D69 /* UIAlertAction_TS.swift */ = {isa = PBXFileReference; fileEncoding = 4; lastKnownFileType = sourcecode.swift; path = UIAlertAction_TS.swift; sourceTree = "<group>"; };
		1259B7721A8F7AFA0059525F /* TSRegion.swift */ = {isa = PBXFileReference; fileEncoding = 4; lastKnownFileType = sourcecode.swift; path = TSRegion.swift; sourceTree = "<group>"; };
		1259B7741A8F93380059525F /* CLLocationCoordinate2D_TS.swift */ = {isa = PBXFileReference; fileEncoding = 4; lastKnownFileType = sourcecode.swift; path = CLLocationCoordinate2D_TS.swift; sourceTree = "<group>"; };
		1260ABFF1A7819BB0015CA4E /* NTHAnnotation.swift */ = {isa = PBXFileReference; fileEncoding = 4; lastKnownFileType = sourcecode.swift; path = NTHAnnotation.swift; sourceTree = "<group>"; };
		126904811A9E6B69008FDD84 /* NTHOpenHoursViewController.swift */ = {isa = PBXFileReference; fileEncoding = 4; lastKnownFileType = sourcecode.swift; path = NTHOpenHoursViewController.swift; sourceTree = "<group>"; };
		126904831A9E6D84008FDD84 /* NTHOpenHoursCell.xib */ = {isa = PBXFileReference; fileEncoding = 4; lastKnownFileType = file.xib; path = NTHOpenHoursCell.xib; sourceTree = "<group>"; };
		126904851A9E6DA0008FDD84 /* NTHOpenHoursCell.swift */ = {isa = PBXFileReference; fileEncoding = 4; lastKnownFileType = sourcecode.swift; path = NTHOpenHoursCell.swift; sourceTree = "<group>"; };
		1270B00E1A91369C0058DE82 /* UITableView_TS.swift */ = {isa = PBXFileReference; fileEncoding = 4; lastKnownFileType = sourcecode.swift; path = UITableView_TS.swift; sourceTree = "<group>"; };
		1279B5D419FED4E700A7828C /* Nothing.app */ = {isa = PBXFileReference; explicitFileType = wrapper.application; includeInIndex = 0; path = Nothing.app; sourceTree = BUILT_PRODUCTS_DIR; };
		1279B5D819FED4E700A7828C /* Info.plist */ = {isa = PBXFileReference; lastKnownFileType = text.plist.xml; path = Info.plist; sourceTree = "<group>"; };
		1279B5D919FED4E700A7828C /* AppDelegate.swift */ = {isa = PBXFileReference; lastKnownFileType = sourcecode.swift; path = AppDelegate.swift; sourceTree = "<group>"; };
		1279B5DE19FED4E700A7828C /* Base */ = {isa = PBXFileReference; lastKnownFileType = file.storyboard; name = Base; path = Base.lproj/Main.storyboard; sourceTree = "<group>"; };
		1279B5E019FED4E700A7828C /* Images.xcassets */ = {isa = PBXFileReference; lastKnownFileType = folder.assetcatalog; path = Images.xcassets; sourceTree = "<group>"; };
		1279B5E319FED4E700A7828C /* Base */ = {isa = PBXFileReference; lastKnownFileType = file.xib; name = Base; path = Base.lproj/LaunchScreen.xib; sourceTree = "<group>"; };
		1279B5E919FED4E700A7828C /* NothingTests.xctest */ = {isa = PBXFileReference; explicitFileType = wrapper.cfbundle; includeInIndex = 0; path = NothingTests.xctest; sourceTree = BUILT_PRODUCTS_DIR; };
		1279B5EE19FED4E800A7828C /* Info.plist */ = {isa = PBXFileReference; lastKnownFileType = text.plist.xml; path = Info.plist; sourceTree = "<group>"; };
		1279B5EF19FED4E800A7828C /* NothingTests.swift */ = {isa = PBXFileReference; lastKnownFileType = sourcecode.swift; path = NothingTests.swift; sourceTree = "<group>"; };
		1279B5FB19FED64D00A7828C /* CDHelper.swift */ = {isa = PBXFileReference; fileEncoding = 4; lastKnownFileType = sourcecode.swift; name = CDHelper.swift; path = Core/CDHelper.swift; sourceTree = "<group>"; };
		1279B5FC19FED64D00A7828C /* CDStore.swift */ = {isa = PBXFileReference; fileEncoding = 4; lastKnownFileType = sourcecode.swift; name = CDStore.swift; path = Core/CDStore.swift; sourceTree = "<group>"; };
		1279B5FD19FED64D00A7828C /* NSManagedObject+Extension.swift */ = {isa = PBXFileReference; fileEncoding = 4; lastKnownFileType = sourcecode.swift; name = "NSManagedObject+Extension.swift"; path = "Nothing/Core Data/Core/NSManagedObject+Extension.swift"; sourceTree = "<group>"; };
		1279B5FF19FED64D00A7828C /* Link.swift */ = {isa = PBXFileReference; fileEncoding = 4; lastKnownFileType = sourcecode.swift; path = Link.swift; sourceTree = "<group>"; };
		1279B60019FED64D00A7828C /* Contact.swift */ = {isa = PBXFileReference; fileEncoding = 4; lastKnownFileType = sourcecode.swift; path = Contact.swift; sourceTree = "<group>"; };
		1279B60219FED64D00A7828C /* Nothing.xcdatamodel */ = {isa = PBXFileReference; lastKnownFileType = wrapper.xcdatamodel; path = Nothing.xcdatamodel; sourceTree = "<group>"; };
		1279B60519FED64D00A7828C /* Place.swift */ = {isa = PBXFileReference; fileEncoding = 4; lastKnownFileType = sourcecode.swift; path = Place.swift; sourceTree = "<group>"; };
		1279B60619FED64D00A7828C /* Task.swift */ = {isa = PBXFileReference; fileEncoding = 4; lastKnownFileType = sourcecode.swift; path = Task.swift; sourceTree = "<group>"; };
		1279B60719FED64D00A7828C /* FileManager.swift */ = {isa = PBXFileReference; fileEncoding = 4; lastKnownFileType = sourcecode.swift; path = FileManager.swift; sourceTree = "<group>"; };
		1279B61419FEDBD200A7828C /* FileCache.swift */ = {isa = PBXFileReference; fileEncoding = 4; lastKnownFileType = sourcecode.swift; path = FileCache.swift; sourceTree = "<group>"; };
		127A800D1AA2666700B49666 /* NSManagedObjectContext_TS.swift */ = {isa = PBXFileReference; fileEncoding = 4; lastKnownFileType = sourcecode.swift; name = NSManagedObjectContext_TS.swift; path = ../NSManagedObjectContext_TS.swift; sourceTree = "<group>"; };
		127A800F1AA27A8000B49666 /* Nothing 11.xcdatamodel */ = {isa = PBXFileReference; lastKnownFileType = wrapper.xcdatamodel; path = "Nothing 11.xcdatamodel"; sourceTree = "<group>"; };
		127A80121AA301D300B49666 /* UIStoryboardSegue_TS.swift */ = {isa = PBXFileReference; fileEncoding = 4; lastKnownFileType = sourcecode.swift; path = UIStoryboardSegue_TS.swift; sourceTree = "<group>"; };
		127A80141AA30F5600B49666 /* NTHSimpleSelectPlaceViewController.swift */ = {isa = PBXFileReference; fileEncoding = 4; lastKnownFileType = sourcecode.swift; path = NTHSimpleSelectPlaceViewController.swift; sourceTree = "<group>"; };
		127C4AE11A9E787B00699F37 /* Nothing 9.xcdatamodel */ = {isa = PBXFileReference; lastKnownFileType = wrapper.xcdatamodel; path = "Nothing 9.xcdatamodel"; sourceTree = "<group>"; };
		1287323C1AA62541000B3694 /* Nothing 14.xcdatamodel */ = {isa = PBXFileReference; lastKnownFileType = wrapper.xcdatamodel; path = "Nothing 14.xcdatamodel"; sourceTree = "<group>"; };
		1287323D1AA62597000B3694 /* Reminder.swift */ = {isa = PBXFileReference; fileEncoding = 4; lastKnownFileType = sourcecode.swift; name = Reminder.swift; path = ../../../Reminder.swift; sourceTree = "<group>"; };
		1287323F1AA626DD000B3694 /* DateReminder.swift */ = {isa = PBXFileReference; fileEncoding = 4; lastKnownFileType = sourcecode.swift; name = DateReminder.swift; path = ../../../DateReminder.swift; sourceTree = "<group>"; };
		128732411AA6298D000B3694 /* LocationReminder.swift */ = {isa = PBXFileReference; fileEncoding = 4; lastKnownFileType = sourcecode.swift; name = LocationReminder.swift; path = ../../../LocationReminder.swift; sourceTree = "<group>"; };
		128732431AA62A63000B3694 /* LocationDateReminder.swift */ = {isa = PBXFileReference; fileEncoding = 4; lastKnownFileType = sourcecode.swift; name = LocationDateReminder.swift; path = ../../../LocationDateReminder.swift; sourceTree = "<group>"; };
		128732451AA6379D000B3694 /* NSSet_TS.swift */ = {isa = PBXFileReference; fileEncoding = 4; lastKnownFileType = sourcecode.swift; path = NSSet_TS.swift; sourceTree = "<group>"; };
		128732471AA637FE000B3694 /* NSMutableSet.swift */ = {isa = PBXFileReference; fileEncoding = 4; lastKnownFileType = sourcecode.swift; path = NSMutableSet.swift; sourceTree = "<group>"; };
		128EE7BD1A90EA0300D729F6 /* NTHCreateEditLocationReminderViewController.swift */ = {isa = PBXFileReference; fileEncoding = 4; lastKnownFileType = sourcecode.swift; path = NTHCreateEditLocationReminderViewController.swift; sourceTree = "<group>"; };
		128F91611A92844900C21DE3 /* NTHRegionControl.xib */ = {isa = PBXFileReference; fileEncoding = 4; lastKnownFileType = file.xib; path = NTHRegionControl.xib; sourceTree = "<group>"; };
		128F91631A92855D00C21DE3 /* NTHRegionControl.swift */ = {isa = PBXFileReference; fileEncoding = 4; lastKnownFileType = sourcecode.swift; path = NTHRegionControl.swift; sourceTree = "<group>"; };
		128F91651A92873B00C21DE3 /* Float_TS.swift */ = {isa = PBXFileReference; fileEncoding = 4; lastKnownFileType = sourcecode.swift; path = Float_TS.swift; sourceTree = "<group>"; };
		128F91671A93FED000C21DE3 /* NTHSelectPlaceViewController.swift */ = {isa = PBXFileReference; fileEncoding = 4; lastKnownFileType = sourcecode.swift; path = NTHSelectPlaceViewController.swift; sourceTree = "<group>"; };
		12981F0A1A86223000CDFA1D /* RepeatInterval.swift */ = {isa = PBXFileReference; fileEncoding = 4; lastKnownFileType = sourcecode.swift; path = RepeatInterval.swift; sourceTree = "<group>"; };
		12981F0C1A8627D300CDFA1D /* NTHLeftLabelCell.xib */ = {isa = PBXFileReference; fileEncoding = 4; lastKnownFileType = file.xib; path = NTHLeftLabelCell.xib; sourceTree = "<group>"; };
		12981F0E1A86280800CDFA1D /* NTHCenterLabelCell.swift */ = {isa = PBXFileReference; fileEncoding = 4; lastKnownFileType = sourcecode.swift; path = NTHCenterLabelCell.swift; sourceTree = "<group>"; };
		12A703511AA7B9F2009538E2 /* NTHSelectRepeatIntervalViewController.swift */ = {isa = PBXFileReference; fileEncoding = 4; lastKnownFileType = sourcecode.swift; path = NTHSelectRepeatIntervalViewController.swift; sourceTree = "<group>"; };
		12A7B33C1A9679E800A4EACB /* NTHTaskDetailsViewController.swift */ = {isa = PBXFileReference; fileEncoding = 4; lastKnownFileType = sourcecode.swift; path = NTHTaskDetailsViewController.swift; sourceTree = "<group>"; };
		12A7B33E1A9681FB00A4EACB /* NTHTwoLineLeftLabelCell.swift */ = {isa = PBXFileReference; fileEncoding = 4; lastKnownFileType = sourcecode.swift; path = NTHTwoLineLeftLabelCell.swift; sourceTree = "<group>"; };
		12A7B3401A96820E00A4EACB /* NTHTwoLineLeftLabelCell.xib */ = {isa = PBXFileReference; fileEncoding = 4; lastKnownFileType = file.xib; path = NTHTwoLineLeftLabelCell.xib; sourceTree = "<group>"; };
		12A7C0B41A9893DA00BB6B94 /* NTHButton.swift */ = {isa = PBXFileReference; fileEncoding = 4; lastKnownFileType = sourcecode.swift; path = NTHButton.swift; sourceTree = "<group>"; };
		12A7C0B61A9A080D00BB6B94 /* UIAlertController_TS.swift */ = {isa = PBXFileReference; fileEncoding = 4; lastKnownFileType = sourcecode.swift; path = UIAlertController_TS.swift; sourceTree = "<group>"; };
		12A7C0B81A9A1B7700BB6B94 /* Nothing 4.xcdatamodel */ = {isa = PBXFileReference; lastKnownFileType = wrapper.xcdatamodel; path = "Nothing 4.xcdatamodel"; sourceTree = "<group>"; };
		12AC63C81A90AB3700883650 /* NTHTextField.swift */ = {isa = PBXFileReference; fileEncoding = 4; lastKnownFileType = sourcecode.swift; path = NTHTextField.swift; sourceTree = "<group>"; };
		12BB65301A7E27DA00CC4448 /* NTHLeftLabelRemoveCell.swift */ = {isa = PBXFileReference; fileEncoding = 4; lastKnownFileType = sourcecode.swift; path = NTHLeftLabelRemoveCell.swift; sourceTree = "<group>"; };
		12BEB0F31A06DC9300643860 /* ModelController.swift */ = {isa = PBXFileReference; fileEncoding = 4; lastKnownFileType = sourcecode.swift; path = ModelController.swift; sourceTree = "<group>"; };
		12CAEA2B1A9D16100084A67C /* NTHUnwindSheetSegue.swift */ = {isa = PBXFileReference; fileEncoding = 4; lastKnownFileType = sourcecode.swift; path = NTHUnwindSheetSegue.swift; sourceTree = "<group>"; };
		12CB97651AA372F70075C0E4 /* TSRegionTimeRange.swift */ = {isa = PBXFileReference; fileEncoding = 4; lastKnownFileType = sourcecode.swift; path = TSRegionTimeRange.swift; sourceTree = "<group>"; };
		12CC222A1A122FC700DF8EE0 /* NSDateFormatter+Extension.swift */ = {isa = PBXFileReference; fileEncoding = 4; lastKnownFileType = sourcecode.swift; name = "NSDateFormatter+Extension.swift"; path = "Nothing/NSDateFormatter+Extension.swift"; sourceTree = "<group>"; };
		12D2E87B1A9B91D6001539CD /* Nothing 6.xcdatamodel */ = {isa = PBXFileReference; lastKnownFileType = wrapper.xcdatamodel; path = "Nothing 6.xcdatamodel"; sourceTree = "<group>"; };
		12D2E87C1A9B92D8001539CD /* NTHTrashViewController.swift */ = {isa = PBXFileReference; fileEncoding = 4; lastKnownFileType = sourcecode.swift; path = NTHTrashViewController.swift; sourceTree = "<group>"; };
		12D2E87E1A9B9459001539CD /* Bool_TS.swift */ = {isa = PBXFileReference; fileEncoding = 4; lastKnownFileType = sourcecode.swift; path = Bool_TS.swift; sourceTree = "<group>"; };
		12D2E8801A9B9CDD001539CD /* NTHTrashCell.xib */ = {isa = PBXFileReference; fileEncoding = 4; lastKnownFileType = file.xib; path = NTHTrashCell.xib; sourceTree = "<group>"; };
		12D2E8821A9B9CF1001539CD /* NTHTrashCell.swift */ = {isa = PBXFileReference; fileEncoding = 4; lastKnownFileType = sourcecode.swift; path = NTHTrashCell.swift; sourceTree = "<group>"; };
		12D2E8841A9BB537001539CD /* NTHMapViewController.swift */ = {isa = PBXFileReference; fileEncoding = 4; lastKnownFileType = sourcecode.swift; path = NTHMapViewController.swift; sourceTree = "<group>"; };
		12D2E8861A9BE65D001539CD /* Nothing 7.xcdatamodel */ = {isa = PBXFileReference; lastKnownFileType = wrapper.xcdatamodel; path = "Nothing 7.xcdatamodel"; sourceTree = "<group>"; };
		12D2E8871A9BE720001539CD /* Nothing 8.xcdatamodel */ = {isa = PBXFileReference; lastKnownFileType = wrapper.xcdatamodel; path = "Nothing 8.xcdatamodel"; sourceTree = "<group>"; };
		12D2E8881A9BE76B001539CD /* OpenTimeRange.swift */ = {isa = PBXFileReference; fileEncoding = 4; lastKnownFileType = sourcecode.swift; path = OpenTimeRange.swift; sourceTree = "<group>"; };
		12D2E88A1A9CE25A001539CD /* NTHDateTimePickerViewController.swift */ = {isa = PBXFileReference; fileEncoding = 4; lastKnownFileType = sourcecode.swift; path = NTHDateTimePickerViewController.swift; sourceTree = "<group>"; };
		12E215991A03A9840038AD45 /* ThumbnailCache.swift */ = {isa = PBXFileReference; fileEncoding = 4; lastKnownFileType = sourcecode.swift; path = ThumbnailCache.swift; sourceTree = "<group>"; };
		12E2929A1A951DEF0079D257 /* NTHSelectContactViewController.swift */ = {isa = PBXFileReference; fileEncoding = 4; lastKnownFileType = sourcecode.swift; path = NTHSelectContactViewController.swift; sourceTree = "<group>"; };
		12E2929C1A9522D90079D257 /* NTHCreateEditContactViewController.swift */ = {isa = PBXFileReference; fileEncoding = 4; lastKnownFileType = sourcecode.swift; path = NTHCreateEditContactViewController.swift; sourceTree = "<group>"; };
		12E2929E1A9527300079D257 /* NTHInboxViewController.swift */ = {isa = PBXFileReference; fileEncoding = 4; lastKnownFileType = sourcecode.swift; path = NTHInboxViewController.swift; sourceTree = "<group>"; };
		12F0B3231A9CF0F1006229AD /* NTHSheetSegue.swift */ = {isa = PBXFileReference; fileEncoding = 4; lastKnownFileType = sourcecode.swift; path = NTHSheetSegue.swift; sourceTree = "<group>"; };
		12F0B3251A9CF128006229AD /* NTHSheetViewController.swift */ = {isa = PBXFileReference; fileEncoding = 4; lastKnownFileType = sourcecode.swift; path = NTHSheetViewController.swift; sourceTree = "<group>"; };
		12FBB4C31AA33B3D00C2B32A /* Nothing 12.xcdatamodel */ = {isa = PBXFileReference; lastKnownFileType = wrapper.xcdatamodel; path = "Nothing 12.xcdatamodel"; sourceTree = "<group>"; };
		12FBB4C41AA33D5400C2B32A /* Nothing 13.xcdatamodel */ = {isa = PBXFileReference; lastKnownFileType = wrapper.xcdatamodel; path = "Nothing 13.xcdatamodel"; sourceTree = "<group>"; };
		12FC2D2B1AAB3CDC00F5A1A3 /* NTHSelectRegionViewController.swift */ = {isa = PBXFileReference; fileEncoding = 4; lastKnownFileType = sourcecode.swift; path = NTHSelectRegionViewController.swift; sourceTree = "<group>"; };
		12FE1D701A913A8600F03601 /* NTHCreateEditPlaceViewController.swift */ = {isa = PBXFileReference; fileEncoding = 4; lastKnownFileType = sourcecode.swift; path = NTHCreateEditPlaceViewController.swift; sourceTree = "<group>"; };
		12FE1D721A913C6100F03601 /* MKMapView_TS.swift */ = {isa = PBXFileReference; fileEncoding = 4; lastKnownFileType = sourcecode.swift; path = MKMapView_TS.swift; sourceTree = "<group>"; };
		12FE1D741A9146E100F03601 /* NTHCenterLabelCell.xib */ = {isa = PBXFileReference; fileEncoding = 4; lastKnownFileType = file.xib; path = NTHCenterLabelCell.xib; sourceTree = "<group>"; };
		12FE1D761A9146F600F03601 /* NTHLeftLabelCell.swift */ = {isa = PBXFileReference; fileEncoding = 4; lastKnownFileType = sourcecode.swift; path = NTHLeftLabelCell.swift; sourceTree = "<group>"; };
/* End PBXFileReference section */

/* Begin PBXFrameworksBuildPhase section */
		1279B5D119FED4E700A7828C /* Frameworks */ = {
			isa = PBXFrameworksBuildPhase;
			buildActionMask = 2147483647;
			files = (
			);
			runOnlyForDeploymentPostprocessing = 0;
		};
		1279B5E619FED4E700A7828C /* Frameworks */ = {
			isa = PBXFrameworksBuildPhase;
			buildActionMask = 2147483647;
			files = (
			);
			runOnlyForDeploymentPostprocessing = 0;
		};
/* End PBXFrameworksBuildPhase section */

/* Begin PBXGroup section */
		120B3CE61A86072B00FB38DD /* Extensions */ = {
			isa = PBXGroup;
			children = (
				12CC222A1A122FC700DF8EE0 /* NSDateFormatter+Extension.swift */,
				1279B5FD19FED64D00A7828C /* NSManagedObject+Extension.swift */,
				120B3CE71A86074700FB38DD /* String+Extensions.swift */,
				12059DC91A34FDA2007F5E7C /* UIColor+Extensions.swift */,
				12059DCC1A34FF5C007F5E7C /* UIFont+Extension.swift */,
				124A8F151A4F017800BE5EAB /* UIView+Extension.swift */,
			);
			name = Extensions;
			path = ..;
			sourceTree = "<group>";
		};
		1246F0901A8640E70001F4BE /* Helpers */ = {
			isa = PBXGroup;
			children = (
				1259B7711A8F7AD30059525F /* TSRegionManager */,
				12981F0A1A86223000CDFA1D /* RepeatInterval.swift */,
				1230A08C1A8BBE6F0064447B /* LocalNotificationScheduler.swift */,
				1202052A1AA1F3780043CEE9 /* NTHTime.swift */,
			);
			name = Helpers;
			path = ..;
			sourceTree = "<group>";
		};
		1246F0911A8641070001F4BE /* Controllers */ = {
			isa = PBXGroup;
			children = (
				12E2929C1A9522D90079D257 /* NTHCreateEditContactViewController.swift */,
				1202EB721A79579900B67F45 /* NTHCreateEditDateReminderViewController.swift */,
				128EE7BD1A90EA0300D729F6 /* NTHCreateEditLocationReminderViewController.swift */,
				121AA83A1AAB060100F3C7F6 /* NTHCreateEditLocationDateReminderViewController.swift */,
				12FE1D701A913A8600F03601 /* NTHCreateEditPlaceViewController.swift */,
				121CF5C71A908B0B0032ED36 /* NTHCreateEditTaskViewController.swift */,
				12E2929E1A9527300079D257 /* NTHInboxViewController.swift */,
				12D2E8841A9BB537001539CD /* NTHMapViewController.swift */,
				120B99571A9A3DB100518FF0 /* NTHMenuViewController.swift */,
				12E2929A1A951DEF0079D257 /* NTHSelectContactViewController.swift */,
				128F91671A93FED000C21DE3 /* NTHSelectPlaceViewController.swift */,
				12FC2D2B1AAB3CDC00F5A1A3 /* NTHSelectRegionViewController.swift */,
				12A703511AA7B9F2009538E2 /* NTHSelectRepeatIntervalViewController.swift */,
				127A80141AA30F5600B49666 /* NTHSimpleSelectPlaceViewController.swift */,
				12A7B33C1A9679E800A4EACB /* NTHTaskDetailsViewController.swift */,
				12D2E87C1A9B92D8001539CD /* NTHTrashViewController.swift */,
				126904811A9E6B69008FDD84 /* NTHOpenHoursViewController.swift */,
				12FBB4C21AA338A600C2B32A /* Sheets */,
			);
			name = Controllers;
			path = ..;
			sourceTree = "<group>";
		};
		1250A3B51A8683E0005B4D69 /* Swift */ = {
			isa = PBXGroup;
			children = (
				12D2E87E1A9B9459001539CD /* Bool_TS.swift */,
				1230A0901A8BE5250064447B /* CLLocation_TS.swift */,
				1259B7741A8F93380059525F /* CLLocationCoordinate2D_TS.swift */,
				128F91651A92873B00C21DE3 /* Float_TS.swift */,
				12FE1D721A913C6100F03601 /* MKMapView_TS.swift */,
				127A800D1AA2666700B49666 /* NSManagedObjectContext_TS.swift */,
				128732451AA6379D000B3694 /* NSSet_TS.swift */,
				1250A3B61A868420005B4D69 /* UIAlertAction_TS.swift */,
				12A7C0B61A9A080D00BB6B94 /* UIAlertController_TS.swift */,
				127A80121AA301D300B49666 /* UIStoryboardSegue_TS.swift */,
				1270B00E1A91369C0058DE82 /* UITableView_TS.swift */,
				128732471AA637FE000B3694 /* NSMutableSet.swift */,
			);
			name = Swift;
			sourceTree = "<group>";
		};
		1259B7711A8F7AD30059525F /* TSRegionManager */ = {
			isa = PBXGroup;
			children = (
				1230A08E1A8BCDB20064447B /* TSRegionManager.swift */,
				1259B7721A8F7AFA0059525F /* TSRegion.swift */,
				12CB97651AA372F70075C0E4 /* TSRegionTimeRange.swift */,
			);
			name = TSRegionManager;
			sourceTree = "<group>";
		};
		1279A4AA1A76A1F700A03FF4 /* Components */ = {
			isa = PBXGroup;
			children = (
				1260ABFF1A7819BB0015CA4E /* NTHAnnotation.swift */,
				12A7C0B41A9893DA00BB6B94 /* NTHButton.swift */,
				12981F0E1A86280800CDFA1D /* NTHCenterLabelCell.swift */,
				12059DD01A350476007F5E7C /* NTHInboxCell.swift */,
				12FE1D761A9146F600F03601 /* NTHLeftLabelCell.swift */,
				12BB65301A7E27DA00CC4448 /* NTHLeftLabelRemoveCell.swift */,
				126904851A9E6DA0008FDD84 /* NTHOpenHoursCell.swift */,
				121CF5C51A8FD0440032ED36 /* NTHPlaceholderTextView.swift */,
				128F91631A92855D00C21DE3 /* NTHRegionControl.swift */,
				12059DD41A36273D007F5E7C /* NTHTaskStatusView.swift */,
				12AC63C81A90AB3700883650 /* NTHTextField.swift */,
				12D2E8821A9B9CF1001539CD /* NTHTrashCell.swift */,
				12A7B33E1A9681FB00A4EACB /* NTHTwoLineLeftLabelCell.swift */,
				12F0B3221A9CF0C5006229AD /* UIStoryboardSegue */,
			);
			name = Components;
			path = ..;
			sourceTree = "<group>";
		};
		1279A4AD1A76A2D100A03FF4 /* Storyboards & XIBs */ = {
			isa = PBXGroup;
			children = (
				1279B5DD19FED4E700A7828C /* Main.storyboard */,
				12BB65361A7E598A00CC4448 /* XIBs */,
			);
			name = "Storyboards & XIBs";
			path = ..;
			sourceTree = "<group>";
		};
		1279B5CB19FED4E700A7828C = {
			isa = PBXGroup;
			children = (
				1279B5D619FED4E700A7828C /* Nothing */,
				12E2158B1A037C9C0038AD45 /* External */,
				1279B5EC19FED4E700A7828C /* NothingTests */,
				1279B5D519FED4E700A7828C /* Products */,
			);
			sourceTree = "<group>";
		};
		1279B5D519FED4E700A7828C /* Products */ = {
			isa = PBXGroup;
			children = (
				1279B5D419FED4E700A7828C /* Nothing.app */,
				1279B5E919FED4E700A7828C /* NothingTests.xctest */,
			);
			name = Products;
			sourceTree = "<group>";
		};
		1279B5D619FED4E700A7828C /* Nothing */ = {
			isa = PBXGroup;
			children = (
				1279B5D919FED4E700A7828C /* AppDelegate.swift */,
				1246F0911A8641070001F4BE /* Controllers */,
				1279A4AA1A76A1F700A03FF4 /* Components */,
				120B3CE61A86072B00FB38DD /* Extensions */,
				1246F0901A8640E70001F4BE /* Helpers */,
				1279B61319FED65300A7828C /* Cache */,
				1279B5F919FED64D00A7828C /* Core Data */,
				1279A4AD1A76A2D100A03FF4 /* Storyboards & XIBs */,
				1250A3B51A8683E0005B4D69 /* Swift */,
				1279B5E019FED4E700A7828C /* Images.xcassets */,
				1279B5D719FED4E700A7828C /* Supporting Files */,
			);
			path = Nothing;
			sourceTree = "<group>";
		};
		1279B5D719FED4E700A7828C /* Supporting Files */ = {
			isa = PBXGroup;
			children = (
				1279B5D819FED4E700A7828C /* Info.plist */,
			);
			name = "Supporting Files";
			sourceTree = "<group>";
		};
		1279B5EC19FED4E700A7828C /* NothingTests */ = {
			isa = PBXGroup;
			children = (
				1279B5EF19FED4E800A7828C /* NothingTests.swift */,
				1279B5ED19FED4E800A7828C /* Supporting Files */,
			);
			path = NothingTests;
			sourceTree = "<group>";
		};
		1279B5ED19FED4E800A7828C /* Supporting Files */ = {
			isa = PBXGroup;
			children = (
				1279B5EE19FED4E800A7828C /* Info.plist */,
			);
			name = "Supporting Files";
			sourceTree = "<group>";
		};
		1279B5F919FED64D00A7828C /* Core Data */ = {
			isa = PBXGroup;
			children = (
				1279B5FB19FED64D00A7828C /* CDHelper.swift */,
				1279B5FC19FED64D00A7828C /* CDStore.swift */,
				1279B60119FED64D00A7828C /* Nothing.xcdatamodeld */,
				1279B5FE19FED64D00A7828C /* Model */,
			);
			path = "Core Data";
			sourceTree = "<group>";
		};
		1279B5FE19FED64D00A7828C /* Model */ = {
			isa = PBXGroup;
			children = (
				1279B60019FED64D00A7828C /* Contact.swift */,
				1287323F1AA626DD000B3694 /* DateReminder.swift */,
				1279B5FF19FED64D00A7828C /* Link.swift */,
				128732431AA62A63000B3694 /* LocationDateReminder.swift */,
				128732411AA6298D000B3694 /* LocationReminder.swift */,
				12BEB0F31A06DC9300643860 /* ModelController.swift */,
				12D2E8881A9BE76B001539CD /* OpenTimeRange.swift */,
				1279B60519FED64D00A7828C /* Place.swift */,
				1287323D1AA62597000B3694 /* Reminder.swift */,
				1279B60619FED64D00A7828C /* Task.swift */,
			);
			path = Model;
			sourceTree = "<group>";
		};
		1279B61319FED65300A7828C /* Cache */ = {
			isa = PBXGroup;
			children = (
				1279B61419FEDBD200A7828C /* FileCache.swift */,
				1279B60719FED64D00A7828C /* FileManager.swift */,
				12E215991A03A9840038AD45 /* ThumbnailCache.swift */,
			);
			name = Cache;
			sourceTree = "<group>";
		};
		12BB65361A7E598A00CC4448 /* XIBs */ = {
			isa = PBXGroup;
			children = (
				1279B5E219FED4E700A7828C /* LaunchScreen.xib */,
				12FE1D741A9146E100F03601 /* NTHCenterLabelCell.xib */,
				123A54911A952A4D00B4C5D4 /* NTHInboxCell.xib */,
				12981F0C1A8627D300CDFA1D /* NTHLeftLabelCell.xib */,
				124E5EB71A841F9E00CB3076 /* NTHLeftLabelRemoveCell.xib */,
				128F91611A92844900C21DE3 /* NTHRegionControl.xib */,
				12D2E8801A9B9CDD001539CD /* NTHTrashCell.xib */,
				12A7B3401A96820E00A4EACB /* NTHTwoLineLeftLabelCell.xib */,
				126904831A9E6D84008FDD84 /* NTHOpenHoursCell.xib */,
			);
			name = XIBs;
			sourceTree = "<group>";
		};
		12E2158B1A037C9C0038AD45 /* External */ = {
			isa = PBXGroup;
			children = (
			);
			name = External;
			sourceTree = "<group>";
		};
		12F0B3221A9CF0C5006229AD /* UIStoryboardSegue */ = {
			isa = PBXGroup;
			children = (
				12F0B3231A9CF0F1006229AD /* NTHSheetSegue.swift */,
				12CAEA2B1A9D16100084A67C /* NTHUnwindSheetSegue.swift */,
			);
			name = UIStoryboardSegue;
			sourceTree = "<group>";
		};
		12FBB4C21AA338A600C2B32A /* Sheets */ = {
			isa = PBXGroup;
			children = (
				12D2E88A1A9CE25A001539CD /* NTHDateTimePickerViewController.swift */,
				120205281AA1027C0043CEE9 /* NTHOpenHoursPickerViewController.swift */,
				12F0B3251A9CF128006229AD /* NTHSheetViewController.swift */,
			);
			name = Sheets;
			sourceTree = "<group>";
		};
/* End PBXGroup section */

/* Begin PBXNativeTarget section */
		1279B5D319FED4E700A7828C /* Nothing */ = {
			isa = PBXNativeTarget;
			buildConfigurationList = 1279B5F319FED4E800A7828C /* Build configuration list for PBXNativeTarget "Nothing" */;
			buildPhases = (
				1279B5D019FED4E700A7828C /* Sources */,
				1279B5D119FED4E700A7828C /* Frameworks */,
				1279B5D219FED4E700A7828C /* Resources */,
			);
			buildRules = (
			);
			dependencies = (
			);
			name = Nothing;
			productName = Nothing;
			productReference = 1279B5D419FED4E700A7828C /* Nothing.app */;
			productType = "com.apple.product-type.application";
		};
		1279B5E819FED4E700A7828C /* NothingTests */ = {
			isa = PBXNativeTarget;
			buildConfigurationList = 1279B5F619FED4E800A7828C /* Build configuration list for PBXNativeTarget "NothingTests" */;
			buildPhases = (
				1279B5E519FED4E700A7828C /* Sources */,
				1279B5E619FED4E700A7828C /* Frameworks */,
				1279B5E719FED4E700A7828C /* Resources */,
			);
			buildRules = (
			);
			dependencies = (
				1279B5EB19FED4E700A7828C /* PBXTargetDependency */,
			);
			name = NothingTests;
			productName = NothingTests;
			productReference = 1279B5E919FED4E700A7828C /* NothingTests.xctest */;
			productType = "com.apple.product-type.bundle.unit-test";
		};
/* End PBXNativeTarget section */

/* Begin PBXProject section */
		1279B5CC19FED4E700A7828C /* Project object */ = {
			isa = PBXProject;
			attributes = {
				CLASSPREFIX = NTH;
				LastUpgradeCheck = 0610;
				ORGANIZATIONNAME = "Tomasz Szulc";
				TargetAttributes = {
					1279B5D319FED4E700A7828C = {
						CreatedOnToolsVersion = 6.1;
						SystemCapabilities = {
							com.apple.BackgroundModes = {
								enabled = 1;
							};
						};
					};
					1279B5E819FED4E700A7828C = {
						CreatedOnToolsVersion = 6.1;
						TestTargetID = 1279B5D319FED4E700A7828C;
					};
				};
			};
			buildConfigurationList = 1279B5CF19FED4E700A7828C /* Build configuration list for PBXProject "Nothing" */;
			compatibilityVersion = "Xcode 3.2";
			developmentRegion = English;
			hasScannedForEncodings = 0;
			knownRegions = (
				en,
				Base,
			);
			mainGroup = 1279B5CB19FED4E700A7828C;
			productRefGroup = 1279B5D519FED4E700A7828C /* Products */;
			projectDirPath = "";
			projectRoot = "";
			targets = (
				1279B5D319FED4E700A7828C /* Nothing */,
				1279B5E819FED4E700A7828C /* NothingTests */,
			);
		};
/* End PBXProject section */

/* Begin PBXResourcesBuildPhase section */
		1279B5D219FED4E700A7828C /* Resources */ = {
			isa = PBXResourcesBuildPhase;
			buildActionMask = 2147483647;
			files = (
				12FE1D751A9146E100F03601 /* NTHCenterLabelCell.xib in Resources */,
				123A54921A952A4D00B4C5D4 /* NTHInboxCell.xib in Resources */,
				124E5EB81A841F9E00CB3076 /* NTHLeftLabelRemoveCell.xib in Resources */,
				12981F0D1A8627D300CDFA1D /* NTHLeftLabelCell.xib in Resources */,
				1279B5DF19FED4E700A7828C /* Main.storyboard in Resources */,
				12D2E8811A9B9CDD001539CD /* NTHTrashCell.xib in Resources */,
				128F91621A92844900C21DE3 /* NTHRegionControl.xib in Resources */,
				1279B5E419FED4E700A7828C /* LaunchScreen.xib in Resources */,
				1279B5E119FED4E700A7828C /* Images.xcassets in Resources */,
				12A7B3411A96820E00A4EACB /* NTHTwoLineLeftLabelCell.xib in Resources */,
				126904841A9E6D84008FDD84 /* NTHOpenHoursCell.xib in Resources */,
			);
			runOnlyForDeploymentPostprocessing = 0;
		};
		1279B5E719FED4E700A7828C /* Resources */ = {
			isa = PBXResourcesBuildPhase;
			buildActionMask = 2147483647;
			files = (
			);
			runOnlyForDeploymentPostprocessing = 0;
		};
/* End PBXResourcesBuildPhase section */

/* Begin PBXSourcesBuildPhase section */
		1279B5D019FED4E700A7828C /* Sources */ = {
			isa = PBXSourcesBuildPhase;
			buildActionMask = 2147483647;
			files = (
				12FE1D771A9146F600F03601 /* NTHLeftLabelCell.swift in Sources */,
				12E2929D1A9522D90079D257 /* NTHCreateEditContactViewController.swift in Sources */,
				1270B00F1A91369C0058DE82 /* UITableView_TS.swift in Sources */,
				12A703521AA7B9F2009538E2 /* NTHSelectRepeatIntervalViewController.swift in Sources */,
				12F0B3241A9CF0F1006229AD /* NTHSheetSegue.swift in Sources */,
				128EE7BE1A90EA0300D729F6 /* NTHCreateEditLocationReminderViewController.swift in Sources */,
				120B3CE81A86074700FB38DD /* String+Extensions.swift in Sources */,
				1279B60919FED64D00A7828C /* CDStore.swift in Sources */,
				12AC63C91A90AB3700883650 /* NTHTextField.swift in Sources */,
				1279B60D19FED64D00A7828C /* Nothing.xcdatamodeld in Sources */,
				127A80131AA301D300B49666 /* UIStoryboardSegue_TS.swift in Sources */,
				124A8F161A4F017800BE5EAB /* UIView+Extension.swift in Sources */,
				1279B61519FEDBD200A7828C /* FileCache.swift in Sources */,
				128732481AA637FE000B3694 /* NSMutableSet.swift in Sources */,
				12E2929F1A9527300079D257 /* NTHInboxViewController.swift in Sources */,
				127A80151AA30F5600B49666 /* NTHSimpleSelectPlaceViewController.swift in Sources */,
				12D2E8891A9BE76B001539CD /* OpenTimeRange.swift in Sources */,
				12059DD51A36273D007F5E7C /* NTHTaskStatusView.swift in Sources */,
				12D2E8851A9BB537001539CD /* NTHMapViewController.swift in Sources */,
				12D2E87D1A9B92D8001539CD /* NTHTrashViewController.swift in Sources */,
				12CB97661AA372F70075C0E4 /* TSRegionTimeRange.swift in Sources */,
				1259B7751A8F93380059525F /* CLLocationCoordinate2D_TS.swift in Sources */,
				1279B60B19FED64D00A7828C /* Link.swift in Sources */,
				1279B61119FED64D00A7828C /* Task.swift in Sources */,
				12A7C0B51A9893DA00BB6B94 /* NTHButton.swift in Sources */,
				12E2929B1A951DEF0079D257 /* NTHSelectContactViewController.swift in Sources */,
				12D2E87F1A9B9459001539CD /* Bool_TS.swift in Sources */,
				12D2E88B1A9CE25A001539CD /* NTHDateTimePickerViewController.swift in Sources */,
				1202052B1AA1F3780043CEE9 /* NTHTime.swift in Sources */,
				1230A08F1A8BCDB20064447B /* TSRegionManager.swift in Sources */,
				1287323E1AA62597000B3694 /* Reminder.swift in Sources */,
				12BB65311A7E27DA00CC4448 /* NTHLeftLabelRemoveCell.swift in Sources */,
				128F91681A93FED000C21DE3 /* NTHSelectPlaceViewController.swift in Sources */,
				128732421AA6298D000B3694 /* LocationReminder.swift in Sources */,
				12059DCD1A34FF5C007F5E7C /* UIFont+Extension.swift in Sources */,
				12FE1D731A913C6100F03601 /* MKMapView_TS.swift in Sources */,
				1279B5DA19FED4E700A7828C /* AppDelegate.swift in Sources */,
				1250A3B71A868420005B4D69 /* UIAlertAction_TS.swift in Sources */,
				12059DD11A350476007F5E7C /* NTHInboxCell.swift in Sources */,
				12059DCA1A34FDA2007F5E7C /* UIColor+Extensions.swift in Sources */,
				127A800E1AA2666700B49666 /* NSManagedObjectContext_TS.swift in Sources */,
				128732441AA62A63000B3694 /* LocationDateReminder.swift in Sources */,
				12981F0B1A86223000CDFA1D /* RepeatInterval.swift in Sources */,
				128732461AA6379D000B3694 /* NSSet_TS.swift in Sources */,
				12A7C0B71A9A080D00BB6B94 /* UIAlertController_TS.swift in Sources */,
				126904861A9E6DA0008FDD84 /* NTHOpenHoursCell.swift in Sources */,
				1279B60A19FED64D00A7828C /* NSManagedObject+Extension.swift in Sources */,
				12FC2D2C1AAB3CDC00F5A1A3 /* NTHSelectRegionViewController.swift in Sources */,
				126904821A9E6B69008FDD84 /* NTHOpenHoursViewController.swift in Sources */,
				121CF5C81A908B0B0032ED36 /* NTHCreateEditTaskViewController.swift in Sources */,
				1279B61219FED64D00A7828C /* FileManager.swift in Sources */,
				12CC222B1A122FC700DF8EE0 /* NSDateFormatter+Extension.swift in Sources */,
				1259B7731A8F7AFA0059525F /* TSRegion.swift in Sources */,
				128F91641A92855D00C21DE3 /* NTHRegionControl.swift in Sources */,
				120205291AA1027C0043CEE9 /* NTHOpenHoursPickerViewController.swift in Sources */,
				121CF5C61A8FD0440032ED36 /* NTHPlaceholderTextView.swift in Sources */,
				1279B60819FED64D00A7828C /* CDHelper.swift in Sources */,
				128F91661A92873B00C21DE3 /* Float_TS.swift in Sources */,
				121AA83B1AAB060100F3C7F6 /* NTHCreateEditLocationDateReminderViewController.swift in Sources */,
				12BEB0F41A06DC9300643860 /* ModelController.swift in Sources */,
				12E2159A1A03A9840038AD45 /* ThumbnailCache.swift in Sources */,
				120B99581A9A3DB100518FF0 /* NTHMenuViewController.swift in Sources */,
				12FE1D711A913A8600F03601 /* NTHCreateEditPlaceViewController.swift in Sources */,
				12D2E8831A9B9CF1001539CD /* NTHTrashCell.swift in Sources */,
				128732401AA626DD000B3694 /* DateReminder.swift in Sources */,
				12981F0F1A86280800CDFA1D /* NTHCenterLabelCell.swift in Sources */,
				1230A0911A8BE5250064447B /* CLLocation_TS.swift in Sources */,
				1260AC001A7819BB0015CA4E /* NTHAnnotation.swift in Sources */,
				1279B60C19FED64D00A7828C /* Contact.swift in Sources */,
				12A7B33D1A9679E800A4EACB /* NTHTaskDetailsViewController.swift in Sources */,
				1230A08D1A8BBE6F0064447B /* LocalNotificationScheduler.swift in Sources */,
				12A7B33F1A9681FB00A4EACB /* NTHTwoLineLeftLabelCell.swift in Sources */,
				1202EB731A79579900B67F45 /* NTHCreateEditDateReminderViewController.swift in Sources */,
				12CAEA2C1A9D16100084A67C /* NTHUnwindSheetSegue.swift in Sources */,
				12F0B3261A9CF128006229AD /* NTHSheetViewController.swift in Sources */,
				1279B61019FED64D00A7828C /* Place.swift in Sources */,
			);
			runOnlyForDeploymentPostprocessing = 0;
		};
		1279B5E519FED4E700A7828C /* Sources */ = {
			isa = PBXSourcesBuildPhase;
			buildActionMask = 2147483647;
			files = (
				1279B5F019FED4E800A7828C /* NothingTests.swift in Sources */,
			);
			runOnlyForDeploymentPostprocessing = 0;
		};
/* End PBXSourcesBuildPhase section */

/* Begin PBXTargetDependency section */
		1279B5EB19FED4E700A7828C /* PBXTargetDependency */ = {
			isa = PBXTargetDependency;
			target = 1279B5D319FED4E700A7828C /* Nothing */;
			targetProxy = 1279B5EA19FED4E700A7828C /* PBXContainerItemProxy */;
		};
/* End PBXTargetDependency section */

/* Begin PBXVariantGroup section */
		1279B5DD19FED4E700A7828C /* Main.storyboard */ = {
			isa = PBXVariantGroup;
			children = (
				1279B5DE19FED4E700A7828C /* Base */,
			);
			name = Main.storyboard;
			path = Nothing;
			sourceTree = "<group>";
		};
		1279B5E219FED4E700A7828C /* LaunchScreen.xib */ = {
			isa = PBXVariantGroup;
			children = (
				1279B5E319FED4E700A7828C /* Base */,
			);
			name = LaunchScreen.xib;
			path = Nothing;
			sourceTree = "<group>";
		};
/* End PBXVariantGroup section */

/* Begin XCBuildConfiguration section */
		1279B5F119FED4E800A7828C /* Debug */ = {
			isa = XCBuildConfiguration;
			buildSettings = {
				ALWAYS_SEARCH_USER_PATHS = NO;
				CLANG_CXX_LANGUAGE_STANDARD = "gnu++0x";
				CLANG_CXX_LIBRARY = "libc++";
				CLANG_ENABLE_MODULES = YES;
				CLANG_ENABLE_OBJC_ARC = YES;
				CLANG_WARN_BOOL_CONVERSION = YES;
				CLANG_WARN_CONSTANT_CONVERSION = YES;
				CLANG_WARN_DIRECT_OBJC_ISA_USAGE = YES_ERROR;
				CLANG_WARN_EMPTY_BODY = YES;
				CLANG_WARN_ENUM_CONVERSION = YES;
				CLANG_WARN_INT_CONVERSION = YES;
				CLANG_WARN_OBJC_ROOT_CLASS = YES_ERROR;
				CLANG_WARN_UNREACHABLE_CODE = YES;
				CLANG_WARN__DUPLICATE_METHOD_MATCH = YES;
				"CODE_SIGN_IDENTITY[sdk=iphoneos*]" = "iPhone Developer";
				COPY_PHASE_STRIP = NO;
				ENABLE_STRICT_OBJC_MSGSEND = YES;
				GCC_C_LANGUAGE_STANDARD = gnu99;
				GCC_DYNAMIC_NO_PIC = NO;
				GCC_OPTIMIZATION_LEVEL = 0;
				GCC_PREPROCESSOR_DEFINITIONS = (
					"DEBUG=1",
					"$(inherited)",
				);
				GCC_SYMBOLS_PRIVATE_EXTERN = NO;
				GCC_WARN_64_TO_32_BIT_CONVERSION = YES;
				GCC_WARN_ABOUT_RETURN_TYPE = YES_ERROR;
				GCC_WARN_UNDECLARED_SELECTOR = YES;
				GCC_WARN_UNINITIALIZED_AUTOS = YES_AGGRESSIVE;
				GCC_WARN_UNUSED_FUNCTION = YES;
				GCC_WARN_UNUSED_VARIABLE = YES;
				IPHONEOS_DEPLOYMENT_TARGET = 8.1;
				MTL_ENABLE_DEBUG_INFO = YES;
				ONLY_ACTIVE_ARCH = YES;
				SDKROOT = iphoneos;
				SWIFT_OPTIMIZATION_LEVEL = "-Onone";
			};
			name = Debug;
		};
		1279B5F219FED4E800A7828C /* Release */ = {
			isa = XCBuildConfiguration;
			buildSettings = {
				ALWAYS_SEARCH_USER_PATHS = NO;
				CLANG_CXX_LANGUAGE_STANDARD = "gnu++0x";
				CLANG_CXX_LIBRARY = "libc++";
				CLANG_ENABLE_MODULES = YES;
				CLANG_ENABLE_OBJC_ARC = YES;
				CLANG_WARN_BOOL_CONVERSION = YES;
				CLANG_WARN_CONSTANT_CONVERSION = YES;
				CLANG_WARN_DIRECT_OBJC_ISA_USAGE = YES_ERROR;
				CLANG_WARN_EMPTY_BODY = YES;
				CLANG_WARN_ENUM_CONVERSION = YES;
				CLANG_WARN_INT_CONVERSION = YES;
				CLANG_WARN_OBJC_ROOT_CLASS = YES_ERROR;
				CLANG_WARN_UNREACHABLE_CODE = YES;
				CLANG_WARN__DUPLICATE_METHOD_MATCH = YES;
				"CODE_SIGN_IDENTITY[sdk=iphoneos*]" = "iPhone Developer";
				COPY_PHASE_STRIP = YES;
				ENABLE_NS_ASSERTIONS = NO;
				ENABLE_STRICT_OBJC_MSGSEND = YES;
				GCC_C_LANGUAGE_STANDARD = gnu99;
				GCC_WARN_64_TO_32_BIT_CONVERSION = YES;
				GCC_WARN_ABOUT_RETURN_TYPE = YES_ERROR;
				GCC_WARN_UNDECLARED_SELECTOR = YES;
				GCC_WARN_UNINITIALIZED_AUTOS = YES_AGGRESSIVE;
				GCC_WARN_UNUSED_FUNCTION = YES;
				GCC_WARN_UNUSED_VARIABLE = YES;
				IPHONEOS_DEPLOYMENT_TARGET = 8.1;
				MTL_ENABLE_DEBUG_INFO = NO;
				SDKROOT = iphoneos;
				VALIDATE_PRODUCT = YES;
			};
			name = Release;
		};
		1279B5F419FED4E800A7828C /* Debug */ = {
			isa = XCBuildConfiguration;
			buildSettings = {
				ASSETCATALOG_COMPILER_APPICON_NAME = AppIcon;
				CLANG_ENABLE_MODULES = YES;
				INFOPLIST_FILE = Nothing/Info.plist;
				LD_RUNPATH_SEARCH_PATHS = "$(inherited) @executable_path/Frameworks";
				PRODUCT_NAME = "$(TARGET_NAME)";
				SWIFT_OBJC_BRIDGING_HEADER = "";
				SWIFT_OPTIMIZATION_LEVEL = "-Onone";
			};
			name = Debug;
		};
		1279B5F519FED4E800A7828C /* Release */ = {
			isa = XCBuildConfiguration;
			buildSettings = {
				ASSETCATALOG_COMPILER_APPICON_NAME = AppIcon;
				CLANG_ENABLE_MODULES = YES;
				INFOPLIST_FILE = Nothing/Info.plist;
				LD_RUNPATH_SEARCH_PATHS = "$(inherited) @executable_path/Frameworks";
				PRODUCT_NAME = "$(TARGET_NAME)";
				SWIFT_OBJC_BRIDGING_HEADER = "";
			};
			name = Release;
		};
		1279B5F719FED4E800A7828C /* Debug */ = {
			isa = XCBuildConfiguration;
			buildSettings = {
				BUNDLE_LOADER = "$(TEST_HOST)";
				FRAMEWORK_SEARCH_PATHS = (
					"$(SDKROOT)/Developer/Library/Frameworks",
					"$(inherited)",
				);
				GCC_PREPROCESSOR_DEFINITIONS = (
					"DEBUG=1",
					"$(inherited)",
				);
				INFOPLIST_FILE = NothingTests/Info.plist;
				LD_RUNPATH_SEARCH_PATHS = "$(inherited) @executable_path/Frameworks @loader_path/Frameworks";
				PRODUCT_NAME = "$(TARGET_NAME)";
				TEST_HOST = "$(BUILT_PRODUCTS_DIR)/Nothing.app/Nothing";
			};
			name = Debug;
		};
		1279B5F819FED4E800A7828C /* Release */ = {
			isa = XCBuildConfiguration;
			buildSettings = {
				BUNDLE_LOADER = "$(TEST_HOST)";
				FRAMEWORK_SEARCH_PATHS = (
					"$(SDKROOT)/Developer/Library/Frameworks",
					"$(inherited)",
				);
				INFOPLIST_FILE = NothingTests/Info.plist;
				LD_RUNPATH_SEARCH_PATHS = "$(inherited) @executable_path/Frameworks @loader_path/Frameworks";
				PRODUCT_NAME = "$(TARGET_NAME)";
				TEST_HOST = "$(BUILT_PRODUCTS_DIR)/Nothing.app/Nothing";
			};
			name = Release;
		};
/* End XCBuildConfiguration section */

/* Begin XCConfigurationList section */
		1279B5CF19FED4E700A7828C /* Build configuration list for PBXProject "Nothing" */ = {
			isa = XCConfigurationList;
			buildConfigurations = (
				1279B5F119FED4E800A7828C /* Debug */,
				1279B5F219FED4E800A7828C /* Release */,
			);
			defaultConfigurationIsVisible = 0;
			defaultConfigurationName = Release;
		};
		1279B5F319FED4E800A7828C /* Build configuration list for PBXNativeTarget "Nothing" */ = {
			isa = XCConfigurationList;
			buildConfigurations = (
				1279B5F419FED4E800A7828C /* Debug */,
				1279B5F519FED4E800A7828C /* Release */,
			);
			defaultConfigurationIsVisible = 0;
			defaultConfigurationName = Release;
		};
		1279B5F619FED4E800A7828C /* Build configuration list for PBXNativeTarget "NothingTests" */ = {
			isa = XCConfigurationList;
			buildConfigurations = (
				1279B5F719FED4E800A7828C /* Debug */,
				1279B5F819FED4E800A7828C /* Release */,
			);
			defaultConfigurationIsVisible = 0;
			defaultConfigurationName = Release;
		};
/* End XCConfigurationList section */

/* Begin XCVersionGroup section */
		1279B60119FED64D00A7828C /* Nothing.xcdatamodeld */ = {
			isa = XCVersionGroup;
			children = (
				1287323C1AA62541000B3694 /* Nothing 14.xcdatamodel */,
				12FBB4C41AA33D5400C2B32A /* Nothing 13.xcdatamodel */,
				12FBB4C31AA33B3D00C2B32A /* Nothing 12.xcdatamodel */,
				127A800F1AA27A8000B49666 /* Nothing 11.xcdatamodel */,
				1202052C1AA25D170043CEE9 /* Nothing 10.xcdatamodel */,
				127C4AE11A9E787B00699F37 /* Nothing 9.xcdatamodel */,
				12D2E8861A9BE65D001539CD /* Nothing 7.xcdatamodel */,
				12D2E87B1A9B91D6001539CD /* Nothing 6.xcdatamodel */,
				12D2E8871A9BE720001539CD /* Nothing 8.xcdatamodel */,
				120E72BC1A9A20D7007F5E80 /* Nothing 5.xcdatamodel */,
				12A7C0B81A9A1B7700BB6B94 /* Nothing 4.xcdatamodel */,
				1230A0921A8BF10D0064447B /* Nothing 3.xcdatamodel */,
				1218B1471A87DEDD0087E04B /* Nothing 2.xcdatamodel */,
				1279B60219FED64D00A7828C /* Nothing.xcdatamodel */,
			);
			currentVersion = 1287323C1AA62541000B3694 /* Nothing 14.xcdatamodel */;
			name = Nothing.xcdatamodeld;
			path = Model/Nothing.xcdatamodeld;
			sourceTree = "<group>";
			versionGroupType = wrapper.xcdatamodel;
		};
/* End XCVersionGroup section */
	};
	rootObject = 1279B5CC19FED4E700A7828C /* Project object */;
}
